{
  "originHash" : "b6f01ca9f5ce5dbc0b95154248cb6ea0526cfb934c5e0d6b36712c6a5a58c0f9",
  "pins" : [
    {
      "identity" : "deltille",
      "kind" : "remoteSourceControl",
      "location" : "git@github.com:zilmarinen/Deltille.git",
      "state" : {
        "branch" : "main",
        "revision" : "96ca32c77fa9b7de78b975a329b7daba26d7daae"
      }
    },
    {
      "identity" : "euclid",
      "kind" : "remoteSourceControl",
      "location" : "git@github.com:nicklockwood/Euclid.git",
      "state" : {
        "branch" : "main",
        "revision" : "1aeb8a7c36c22d31c74d4bd2c7e4529e3d43c097"
      }
    }
  ],
  "version" : 3
}
