{
  "originHash" : "9deb0f0800304b09653c39bd5b5733b63828dc1bef492e5e9dae8a813174b942",
  "pins" : [
    {
      "identity" : "euclid",
      "kind" : "remoteSourceControl",
      "location" : "git@github.com:nicklockwood/Euclid.git",
      "state" : {
        "branch" : "main",
        "revision" : "1aeb8a7c36c22d31c74d4bd2c7e4529e3d43c097"
      }
    }
  ],
  "version" : 3
}
