PODS:
  - Meadow (0.1):
    - Meadow/Core (= 0.1)
  - Meadow/Core (0.1)

DEPENDENCIES:
  - Meadow (from `../Meadow`)

EXTERNAL SOURCES:
  Meadow:
    :path: "../Meadow"

SPEC CHECKSUMS:
  Meadow: d9b1bc90500c9f0d60e06a6d79be6631f768e81f

PODFILE CHECKSUM: 24b3c53991e3fca225c8278414613b094924bd39

COCOAPODS: 1.5.0
