PODS:
  - Meadow (0.1):
    - Meadow/Core (= 0.1)
    - THRUtilities
  - Meadow/Core (0.1):
    - THRUtilities
  - PeakOperation (2.1.1):
    - PeakResult
  - PeakResult (2.1.1)
  - THRUtilities (1.7.5):
    - THRUtilities/Core (= 1.7.5)
  - THRUtilities/Core (1.7.5)

DEPENDENCIES:
  - Meadow (from `../Meadow`)
  - PeakOperation (from `../../3Squared/Peak/PeakOperation`)
  - PeakResult (from `../../3Squared/Peak/PeakResult`)
  - THRUtilities (from `../../3Squared/THR/THRUtilities`)

EXTERNAL SOURCES:
  Meadow:
    :path: "../Meadow"
  PeakOperation:
    :path: "../../3Squared/Peak/PeakOperation"
  PeakResult:
    :path: "../../3Squared/Peak/PeakResult"
  THRUtilities:
    :path: "../../3Squared/THR/THRUtilities"

SPEC CHECKSUMS:
  Meadow: 38db70484539a8abfaad825f5aff0f9bf6225331
  PeakOperation: 5108168673ab46ce62385c0dff7a979d6418851a
  PeakResult: bf8e73ea7b558a9ec89d55cd0098c28f84b6b603
  THRUtilities: 08695fe94b602540cba2c0db60d256320339ae5b

PODFILE CHECKSUM: a22b5137e3a5407f9217df096f4fcdeacaf11515

COCOAPODS: 1.5.3
