{
  "originHash" : "f82cf4b9e6ef376bef4354f5bd9be5250feceb762f9a05ac569b842133333c0b",
  "pins" : [
    {
      "identity" : "euclid",
      "kind" : "remoteSourceControl",
      "location" : "git@github.com:nicklockwood/Euclid.git",
      "state" : {
        "branch" : "main",
        "revision" : "1aeb8a7c36c22d31c74d4bd2c7e4529e3d43c097"
      }
    }
  ],
  "version" : 3
}
