{
  "originHash" : "83dff1b2930c4d7c5558fd8b533fd2f0330aed72eaea2bd287479cb4daa36c7a",
  "pins" : [
    {
      "identity" : "euclid",
      "kind" : "remoteSourceControl",
      "location" : "git@github.com:nicklockwood/Euclid.git",
      "state" : {
        "branch" : "main",
        "revision" : "0409eab36ce4e726e5c66f8885500fb97b030994"
      }
    }
  ],
  "version" : 3
}
