{
  "originHash" : "b95ddd49ae7ee36dc14307fb6538bf0d061361a00282e0d5ea6ae7b68d688a79",
  "pins" : [
    {
      "identity" : "deltille",
      "kind" : "remoteSourceControl",
      "location" : "git@github.com:zilmarinen/Deltille.git",
      "state" : {
        "branch" : "main",
        "revision" : "96ca32c77fa9b7de78b975a329b7daba26d7daae"
      }
    },
    {
      "identity" : "euclid",
      "kind" : "remoteSourceControl",
      "location" : "git@github.com:nicklockwood/Euclid.git",
      "state" : {
        "branch" : "main",
        "revision" : "1aeb8a7c36c22d31c74d4bd2c7e4529e3d43c097"
      }
    }
  ],
  "version" : 3
}
