{
  "originHash" : "fdbb9115061c1914506864c862cfd694aff8ecddafbcf2ba942767e8a9e7955e",
  "pins" : [
    {
      "identity" : "euclid",
      "kind" : "remoteSourceControl",
      "location" : "git@github.com:nicklockwood/Euclid.git",
      "state" : {
        "branch" : "main",
        "revision" : "1aeb8a7c36c22d31c74d4bd2c7e4529e3d43c097"
      }
    }
  ],
  "version" : 3
}
