{
  "object": {
    "pins": [
      {
        "package": "Meadow",
        "repositoryURL": "git@bitbucket.org:scriptorchard/meadow.git",
        "state": {
          "branch": "feature/rewrite",
          "revision": "9f073ac4686ebf1605695fdf5957daa079221466",
          "version": null
        }
      }
    ]
  },
  "version": 1
}
