{
  "object": {
    "pins": [
      {
        "package": "Meadow",
        "repositoryURL": "git@bitbucket.org:scriptorchard/meadow.git",
        "state": {
          "branch": "feature/rewrite",
          "revision": "5f2a96b4b0da4a870f73465869f10a92ad85e5b7",
          "version": null
        }
      }
    ]
  },
  "version": 1
}
