// !$*UTF8*$!
{
	archiveVersion = 1;
	classes = {
	};
	objectVersion = 50;
	objects = {

/* Begin PBXBuildFile section */
		18D3A16725515D3A00031CA7 /* AppDelegate.swift in Sources */ = {isa = PBXBuildFile; fileRef = 18D3A16625515D3A00031CA7 /* AppDelegate.swift */; };
		18D3A16B25515D3A00031CA7 /* Document.swift in Sources */ = {isa = PBXBuildFile; fileRef = 18D3A16A25515D3A00031CA7 /* Document.swift */; };
		18D3A16D25515D3C00031CA7 /* Assets.xcassets in Resources */ = {isa = PBXBuildFile; fileRef = 18D3A16C25515D3C00031CA7 /* Assets.xcassets */; };
		18D3A17025515D3C00031CA7 /* Main.storyboard in Resources */ = {isa = PBXBuildFile; fileRef = 18D3A16E25515D3C00031CA7 /* Main.storyboard */; };
		18D3A1802551652000031CA7 /* WindowController.swift in Sources */ = {isa = PBXBuildFile; fileRef = 18D3A17F2551652000031CA7 /* WindowController.swift */; };
		18FB382C25516F5A0036CA95 /* WindowCoordinator.swift in Sources */ = {isa = PBXBuildFile; fileRef = 18FB382B25516F5A0036CA95 /* WindowCoordinator.swift */; };
		18FB382F2551752B0036CA95 /* Coordinator.swift in Sources */ = {isa = PBXBuildFile; fileRef = 18FB382E2551752B0036CA95 /* Coordinator.swift */; };
		18FB38352551778A0036CA95 /* SplitViewController.swift in Sources */ = {isa = PBXBuildFile; fileRef = 18FB38342551778A0036CA95 /* SplitViewController.swift */; };
		18FB383B255177AC0036CA95 /* SplitViewCoordinator.swift in Sources */ = {isa = PBXBuildFile; fileRef = 18FB383A255177AC0036CA95 /* SplitViewCoordinator.swift */; };
		18FB383F255178D30036CA95 /* SceneGraphViewController.swift in Sources */ = {isa = PBXBuildFile; fileRef = 18FB383E255178D30036CA95 /* SceneGraphViewController.swift */; };
		18FB3842255178ED0036CA95 /* SceneViewController.swift in Sources */ = {isa = PBXBuildFile; fileRef = 18FB3841255178ED0036CA95 /* SceneViewController.swift */; };
		18FB3845255179070036CA95 /* InspectorViewController.swift in Sources */ = {isa = PBXBuildFile; fileRef = 18FB3844255179070036CA95 /* InspectorViewController.swift */; };
		18FB384B2551792E0036CA95 /* SceneCoordinator.swift in Sources */ = {isa = PBXBuildFile; fileRef = 18FB384A2551792E0036CA95 /* SceneCoordinator.swift */; };
		18FB384F255179380036CA95 /* SceneGraphCoordinator.swift in Sources */ = {isa = PBXBuildFile; fileRef = 18FB384E255179380036CA95 /* SceneGraphCoordinator.swift */; };
		18FB3852255179420036CA95 /* InspectorCoordinator.swift in Sources */ = {isa = PBXBuildFile; fileRef = 18FB3851255179420036CA95 /* InspectorCoordinator.swift */; };
/* End PBXBuildFile section */

/* Begin PBXFileReference section */
		18D3A16325515D3A00031CA7 /* Orchard.app */ = {isa = PBXFileReference; explicitFileType = wrapper.application; includeInIndex = 0; path = Orchard.app; sourceTree = BUILT_PRODUCTS_DIR; };
		18D3A16625515D3A00031CA7 /* AppDelegate.swift */ = {isa = PBXFileReference; lastKnownFileType = sourcecode.swift; path = AppDelegate.swift; sourceTree = "<group>"; };
		18D3A16A25515D3A00031CA7 /* Document.swift */ = {isa = PBXFileReference; lastKnownFileType = sourcecode.swift; path = Document.swift; sourceTree = "<group>"; };
		18D3A16C25515D3C00031CA7 /* Assets.xcassets */ = {isa = PBXFileReference; lastKnownFileType = folder.assetcatalog; path = Assets.xcassets; sourceTree = "<group>"; };
		18D3A16F25515D3C00031CA7 /* Base */ = {isa = PBXFileReference; lastKnownFileType = file.storyboard; name = Base; path = Base.lproj/Main.storyboard; sourceTree = "<group>"; };
		18D3A17125515D3C00031CA7 /* Info.plist */ = {isa = PBXFileReference; lastKnownFileType = text.plist.xml; path = Info.plist; sourceTree = "<group>"; };
		18D3A17225515D3C00031CA7 /* Orchard.entitlements */ = {isa = PBXFileReference; lastKnownFileType = text.plist.entitlements; path = Orchard.entitlements; sourceTree = "<group>"; };
		18D3A17F2551652000031CA7 /* WindowController.swift */ = {isa = PBXFileReference; lastKnownFileType = sourcecode.swift; path = WindowController.swift; sourceTree = "<group>"; };
		18FB382B25516F5A0036CA95 /* WindowCoordinator.swift */ = {isa = PBXFileReference; lastKnownFileType = sourcecode.swift; path = WindowCoordinator.swift; sourceTree = "<group>"; };
		18FB382E2551752B0036CA95 /* Coordinator.swift */ = {isa = PBXFileReference; fileEncoding = 4; lastKnownFileType = sourcecode.swift; path = Coordinator.swift; sourceTree = "<group>"; };
		18FB38342551778A0036CA95 /* SplitViewController.swift */ = {isa = PBXFileReference; lastKnownFileType = sourcecode.swift; path = SplitViewController.swift; sourceTree = "<group>"; };
		18FB383A255177AC0036CA95 /* SplitViewCoordinator.swift */ = {isa = PBXFileReference; lastKnownFileType = sourcecode.swift; path = SplitViewCoordinator.swift; sourceTree = "<group>"; };
		18FB383E255178D30036CA95 /* SceneGraphViewController.swift */ = {isa = PBXFileReference; lastKnownFileType = sourcecode.swift; path = SceneGraphViewController.swift; sourceTree = "<group>"; };
		18FB3841255178ED0036CA95 /* SceneViewController.swift */ = {isa = PBXFileReference; lastKnownFileType = sourcecode.swift; path = SceneViewController.swift; sourceTree = "<group>"; };
		18FB3844255179070036CA95 /* InspectorViewController.swift */ = {isa = PBXFileReference; lastKnownFileType = sourcecode.swift; path = InspectorViewController.swift; sourceTree = "<group>"; };
		18FB384A2551792E0036CA95 /* SceneCoordinator.swift */ = {isa = PBXFileReference; lastKnownFileType = sourcecode.swift; path = SceneCoordinator.swift; sourceTree = "<group>"; };
		18FB384E255179380036CA95 /* SceneGraphCoordinator.swift */ = {isa = PBXFileReference; lastKnownFileType = sourcecode.swift; path = SceneGraphCoordinator.swift; sourceTree = "<group>"; };
		18FB3851255179420036CA95 /* InspectorCoordinator.swift */ = {isa = PBXFileReference; lastKnownFileType = sourcecode.swift; path = InspectorCoordinator.swift; sourceTree = "<group>"; };
/* End PBXFileReference section */

/* Begin PBXFrameworksBuildPhase section */
		18D3A16025515D3A00031CA7 /* Frameworks */ = {
			isa = PBXFrameworksBuildPhase;
			buildActionMask = 2147483647;
			files = (
			);
			runOnlyForDeploymentPostprocessing = 0;
		};
/* End PBXFrameworksBuildPhase section */

/* Begin PBXGroup section */
		181002612551951800FFE101 /* Supporting Files */ = {
			isa = PBXGroup;
			children = (
				18D3A17125515D3C00031CA7 /* Info.plist */,
				18D3A17225515D3C00031CA7 /* Orchard.entitlements */,
			);
			path = "Supporting Files";
			sourceTree = "<group>";
		};
		18D3A15A25515D3A00031CA7 = {
			isa = PBXGroup;
			children = (
				18D3A16525515D3A00031CA7 /* Orchard */,
				18D3A16425515D3A00031CA7 /* Products */,
			);
			sourceTree = "<group>";
		};
		18D3A16425515D3A00031CA7 /* Products */ = {
			isa = PBXGroup;
			children = (
				18D3A16325515D3A00031CA7 /* Orchard.app */,
			);
			name = Products;
			sourceTree = "<group>";
		};
		18D3A16525515D3A00031CA7 /* Orchard */ = {
			isa = PBXGroup;
			children = (
				18D3A16625515D3A00031CA7 /* AppDelegate.swift */,
				18D3A16C25515D3C00031CA7 /* Assets.xcassets */,
				18D3A17E2551650800031CA7 /* Controllers */,
				18FB3825255167790036CA95 /* Coordinators */,
				18FB382A255167B40036CA95 /* Document */,
				18FB38242551674F0036CA95 /* Storyboards */,
				181002612551951800FFE101 /* Supporting Files */,
			);
			path = Orchard;
			sourceTree = "<group>";
		};
		18D3A17E2551650800031CA7 /* Controllers */ = {
			isa = PBXGroup;
			children = (
				18FB3829255167980036CA95 /* Inspector */,
				18FB3828255167940036CA95 /* Scene */,
				18FB38272551678D0036CA95 /* Scene Graph */,
				18FB38332551777B0036CA95 /* Split View */,
				18FB3826255167850036CA95 /* Window */,
			);
			path = Controllers;
			sourceTree = "<group>";
		};
		18FB38242551674F0036CA95 /* Storyboards */ = {
			isa = PBXGroup;
			children = (
				18D3A16E25515D3C00031CA7 /* Main.storyboard */,
			);
			path = Storyboards;
			sourceTree = "<group>";
		};
		18FB3825255167790036CA95 /* Coordinators */ = {
			isa = PBXGroup;
			children = (
				18FB38312551752E0036CA95 /* Coordinator */,
				18FB3849255179230036CA95 /* Inspector */,
				18FB3847255179160036CA95 /* Scene */,
				18FB38482551791C0036CA95 /* Scene Graph */,
				18FB3839255177A20036CA95 /* Split View */,
				18FB38382551779C0036CA95 /* Window */,
			);
			path = Coordinators;
			sourceTree = "<group>";
		};
		18FB3826255167850036CA95 /* Window */ = {
			isa = PBXGroup;
			children = (
				18D3A17F2551652000031CA7 /* WindowController.swift */,
			);
			path = Window;
			sourceTree = "<group>";
		};
		18FB38272551678D0036CA95 /* Scene Graph */ = {
			isa = PBXGroup;
			children = (
				18FB383E255178D30036CA95 /* SceneGraphViewController.swift */,
			);
			path = "Scene Graph";
			sourceTree = "<group>";
		};
		18FB3828255167940036CA95 /* Scene */ = {
			isa = PBXGroup;
			children = (
				18FB3841255178ED0036CA95 /* SceneViewController.swift */,
			);
			path = Scene;
			sourceTree = "<group>";
		};
		18FB3829255167980036CA95 /* Inspector */ = {
			isa = PBXGroup;
			children = (
				18FB3844255179070036CA95 /* InspectorViewController.swift */,
			);
			path = Inspector;
			sourceTree = "<group>";
		};
		18FB382A255167B40036CA95 /* Document */ = {
			isa = PBXGroup;
			children = (
				18D3A16A25515D3A00031CA7 /* Document.swift */,
			);
			path = Document;
			sourceTree = "<group>";
		};
		18FB38312551752E0036CA95 /* Coordinator */ = {
			isa = PBXGroup;
			children = (
				18FB382E2551752B0036CA95 /* Coordinator.swift */,
			);
			path = Coordinator;
			sourceTree = "<group>";
		};
		18FB38332551777B0036CA95 /* Split View */ = {
			isa = PBXGroup;
			children = (
				18FB38342551778A0036CA95 /* SplitViewController.swift */,
			);
			path = "Split View";
			sourceTree = "<group>";
		};
		18FB38382551779C0036CA95 /* Window */ = {
			isa = PBXGroup;
			children = (
				18FB382B25516F5A0036CA95 /* WindowCoordinator.swift */,
			);
			path = Window;
			sourceTree = "<group>";
		};
		18FB3839255177A20036CA95 /* Split View */ = {
			isa = PBXGroup;
			children = (
				18FB383A255177AC0036CA95 /* SplitViewCoordinator.swift */,
			);
			path = "Split View";
			sourceTree = "<group>";
		};
		18FB3847255179160036CA95 /* Scene */ = {
			isa = PBXGroup;
			children = (
				18FB384A2551792E0036CA95 /* SceneCoordinator.swift */,
			);
			path = Scene;
			sourceTree = "<group>";
		};
		18FB38482551791C0036CA95 /* Scene Graph */ = {
			isa = PBXGroup;
			children = (
				18FB384E255179380036CA95 /* SceneGraphCoordinator.swift */,
			);
			path = "Scene Graph";
			sourceTree = "<group>";
		};
		18FB3849255179230036CA95 /* Inspector */ = {
			isa = PBXGroup;
			children = (
				18FB3851255179420036CA95 /* InspectorCoordinator.swift */,
			);
			path = Inspector;
			sourceTree = "<group>";
		};
/* End PBXGroup section */

/* Begin PBXNativeTarget section */
		18D3A16225515D3A00031CA7 /* Orchard */ = {
			isa = PBXNativeTarget;
			buildConfigurationList = 18D3A17525515D3C00031CA7 /* Build configuration list for PBXNativeTarget "Orchard" */;
			buildPhases = (
				18D3A15F25515D3A00031CA7 /* Sources */,
				18D3A16025515D3A00031CA7 /* Frameworks */,
				18D3A16125515D3A00031CA7 /* Resources */,
			);
			buildRules = (
			);
			dependencies = (
			);
			name = Orchard;
			productName = Orchard;
			productReference = 18D3A16325515D3A00031CA7 /* Orchard.app */;
			productType = "com.apple.product-type.application";
		};
/* End PBXNativeTarget section */

/* Begin PBXProject section */
		18D3A15B25515D3A00031CA7 /* Project object */ = {
			isa = PBXProject;
			attributes = {
				LastSwiftUpdateCheck = 1210;
				LastUpgradeCheck = 1210;
				TargetAttributes = {
					18D3A16225515D3A00031CA7 = {
						CreatedOnToolsVersion = 12.1;
					};
				};
			};
			buildConfigurationList = 18D3A15E25515D3A00031CA7 /* Build configuration list for PBXProject "Orchard" */;
			compatibilityVersion = "Xcode 9.3";
			developmentRegion = en;
			hasScannedForEncodings = 0;
			knownRegions = (
				en,
				Base,
			);
			mainGroup = 18D3A15A25515D3A00031CA7;
			productRefGroup = 18D3A16425515D3A00031CA7 /* Products */;
			projectDirPath = "";
			projectRoot = "";
			targets = (
				18D3A16225515D3A00031CA7 /* Orchard */,
			);
		};
/* End PBXProject section */

/* Begin PBXResourcesBuildPhase section */
		18D3A16125515D3A00031CA7 /* Resources */ = {
			isa = PBXResourcesBuildPhase;
			buildActionMask = 2147483647;
			files = (
				18D3A16D25515D3C00031CA7 /* Assets.xcassets in Resources */,
				18D3A17025515D3C00031CA7 /* Main.storyboard in Resources */,
			);
			runOnlyForDeploymentPostprocessing = 0;
		};
/* End PBXResourcesBuildPhase section */

/* Begin PBXSourcesBuildPhase section */
		18D3A15F25515D3A00031CA7 /* Sources */ = {
			isa = PBXSourcesBuildPhase;
			buildActionMask = 2147483647;
			files = (
				18FB3845255179070036CA95 /* InspectorViewController.swift in Sources */,
				18FB3842255178ED0036CA95 /* SceneViewController.swift in Sources */,
				18FB383F255178D30036CA95 /* SceneGraphViewController.swift in Sources */,
				18FB383B255177AC0036CA95 /* SplitViewCoordinator.swift in Sources */,
				18FB3852255179420036CA95 /* InspectorCoordinator.swift in Sources */,
				18D3A1802551652000031CA7 /* WindowController.swift in Sources */,
				18D3A16725515D3A00031CA7 /* AppDelegate.swift in Sources */,
				18FB384F255179380036CA95 /* SceneGraphCoordinator.swift in Sources */,
				18FB382F2551752B0036CA95 /* Coordinator.swift in Sources */,
				18FB382C25516F5A0036CA95 /* WindowCoordinator.swift in Sources */,
				18D3A16B25515D3A00031CA7 /* Document.swift in Sources */,
				18FB38352551778A0036CA95 /* SplitViewController.swift in Sources */,
				18FB384B2551792E0036CA95 /* SceneCoordinator.swift in Sources */,
			);
			runOnlyForDeploymentPostprocessing = 0;
		};
/* End PBXSourcesBuildPhase section */

/* Begin PBXVariantGroup section */
		18D3A16E25515D3C00031CA7 /* Main.storyboard */ = {
			isa = PBXVariantGroup;
			children = (
				18D3A16F25515D3C00031CA7 /* Base */,
			);
			name = Main.storyboard;
			sourceTree = "<group>";
		};
/* End PBXVariantGroup section */

/* Begin XCBuildConfiguration section */
		18D3A17325515D3C00031CA7 /* Debug */ = {
			isa = XCBuildConfiguration;
			buildSettings = {
				ALWAYS_SEARCH_USER_PATHS = NO;
				CLANG_ANALYZER_NONNULL = YES;
				CLANG_ANALYZER_NUMBER_OBJECT_CONVERSION = YES_AGGRESSIVE;
				CLANG_CXX_LANGUAGE_STANDARD = "gnu++14";
				CLANG_CXX_LIBRARY = "libc++";
				CLANG_ENABLE_MODULES = YES;
				CLANG_ENABLE_OBJC_ARC = YES;
				CLANG_ENABLE_OBJC_WEAK = YES;
				CLANG_WARN_BLOCK_CAPTURE_AUTORELEASING = YES;
				CLANG_WARN_BOOL_CONVERSION = YES;
				CLANG_WARN_COMMA = YES;
				CLANG_WARN_CONSTANT_CONVERSION = YES;
				CLANG_WARN_DEPRECATED_OBJC_IMPLEMENTATIONS = YES;
				CLANG_WARN_DIRECT_OBJC_ISA_USAGE = YES_ERROR;
				CLANG_WARN_DOCUMENTATION_COMMENTS = YES;
				CLANG_WARN_EMPTY_BODY = YES;
				CLANG_WARN_ENUM_CONVERSION = YES;
				CLANG_WARN_INFINITE_RECURSION = YES;
				CLANG_WARN_INT_CONVERSION = YES;
				CLANG_WARN_NON_LITERAL_NULL_CONVERSION = YES;
				CLANG_WARN_OBJC_IMPLICIT_RETAIN_SELF = YES;
				CLANG_WARN_OBJC_LITERAL_CONVERSION = YES;
				CLANG_WARN_OBJC_ROOT_CLASS = YES_ERROR;
				CLANG_WARN_QUOTED_INCLUDE_IN_FRAMEWORK_HEADER = YES;
				CLANG_WARN_RANGE_LOOP_ANALYSIS = YES;
				CLANG_WARN_STRICT_PROTOTYPES = YES;
				CLANG_WARN_SUSPICIOUS_MOVE = YES;
				CLANG_WARN_UNGUARDED_AVAILABILITY = YES_AGGRESSIVE;
				CLANG_WARN_UNREACHABLE_CODE = YES;
				CLANG_WARN__DUPLICATE_METHOD_MATCH = YES;
				COPY_PHASE_STRIP = NO;
				DEBUG_INFORMATION_FORMAT = dwarf;
				ENABLE_STRICT_OBJC_MSGSEND = YES;
				ENABLE_TESTABILITY = YES;
				GCC_C_LANGUAGE_STANDARD = gnu11;
				GCC_DYNAMIC_NO_PIC = NO;
				GCC_NO_COMMON_BLOCKS = YES;
				GCC_OPTIMIZATION_LEVEL = 0;
				GCC_PREPROCESSOR_DEFINITIONS = (
					"DEBUG=1",
					"$(inherited)",
				);
				GCC_WARN_64_TO_32_BIT_CONVERSION = YES;
				GCC_WARN_ABOUT_RETURN_TYPE = YES_ERROR;
				GCC_WARN_UNDECLARED_SELECTOR = YES;
				GCC_WARN_UNINITIALIZED_AUTOS = YES_AGGRESSIVE;
				GCC_WARN_UNUSED_FUNCTION = YES;
				GCC_WARN_UNUSED_VARIABLE = YES;
				MACOSX_DEPLOYMENT_TARGET = 10.15;
				MTL_ENABLE_DEBUG_INFO = INCLUDE_SOURCE;
				MTL_FAST_MATH = YES;
				ONLY_ACTIVE_ARCH = YES;
				SDKROOT = macosx;
				SWIFT_ACTIVE_COMPILATION_CONDITIONS = DEBUG;
				SWIFT_OPTIMIZATION_LEVEL = "-Onone";
			};
			name = Debug;
		};
		18D3A17425515D3C00031CA7 /* Release */ = {
			isa = XCBuildConfiguration;
			buildSettings = {
				ALWAYS_SEARCH_USER_PATHS = NO;
				CLANG_ANALYZER_NONNULL = YES;
				CLANG_ANALYZER_NUMBER_OBJECT_CONVERSION = YES_AGGRESSIVE;
				CLANG_CXX_LANGUAGE_STANDARD = "gnu++14";
				CLANG_CXX_LIBRARY = "libc++";
				CLANG_ENABLE_MODULES = YES;
				CLANG_ENABLE_OBJC_ARC = YES;
				CLANG_ENABLE_OBJC_WEAK = YES;
				CLANG_WARN_BLOCK_CAPTURE_AUTORELEASING = YES;
				CLANG_WARN_BOOL_CONVERSION = YES;
				CLANG_WARN_COMMA = YES;
				CLANG_WARN_CONSTANT_CONVERSION = YES;
				CLANG_WARN_DEPRECATED_OBJC_IMPLEMENTATIONS = YES;
				CLANG_WARN_DIRECT_OBJC_ISA_USAGE = YES_ERROR;
				CLANG_WARN_DOCUMENTATION_COMMENTS = YES;
				CLANG_WARN_EMPTY_BODY = YES;
				CLANG_WARN_ENUM_CONVERSION = YES;
				CLANG_WARN_INFINITE_RECURSION = YES;
				CLANG_WARN_INT_CONVERSION = YES;
				CLANG_WARN_NON_LITERAL_NULL_CONVERSION = YES;
				CLANG_WARN_OBJC_IMPLICIT_RETAIN_SELF = YES;
				CLANG_WARN_OBJC_LITERAL_CONVERSION = YES;
				CLANG_WARN_OBJC_ROOT_CLASS = YES_ERROR;
				CLANG_WARN_QUOTED_INCLUDE_IN_FRAMEWORK_HEADER = YES;
				CLANG_WARN_RANGE_LOOP_ANALYSIS = YES;
				CLANG_WARN_STRICT_PROTOTYPES = YES;
				CLANG_WARN_SUSPICIOUS_MOVE = YES;
				CLANG_WARN_UNGUARDED_AVAILABILITY = YES_AGGRESSIVE;
				CLANG_WARN_UNREACHABLE_CODE = YES;
				CLANG_WARN__DUPLICATE_METHOD_MATCH = YES;
				COPY_PHASE_STRIP = NO;
				DEBUG_INFORMATION_FORMAT = "dwarf-with-dsym";
				ENABLE_NS_ASSERTIONS = NO;
				ENABLE_STRICT_OBJC_MSGSEND = YES;
				GCC_C_LANGUAGE_STANDARD = gnu11;
				GCC_NO_COMMON_BLOCKS = YES;
				GCC_WARN_64_TO_32_BIT_CONVERSION = YES;
				GCC_WARN_ABOUT_RETURN_TYPE = YES_ERROR;
				GCC_WARN_UNDECLARED_SELECTOR = YES;
				GCC_WARN_UNINITIALIZED_AUTOS = YES_AGGRESSIVE;
				GCC_WARN_UNUSED_FUNCTION = YES;
				GCC_WARN_UNUSED_VARIABLE = YES;
				MACOSX_DEPLOYMENT_TARGET = 10.15;
				MTL_ENABLE_DEBUG_INFO = NO;
				MTL_FAST_MATH = YES;
				SDKROOT = macosx;
				SWIFT_COMPILATION_MODE = wholemodule;
				SWIFT_OPTIMIZATION_LEVEL = "-O";
			};
			name = Release;
		};
		18D3A17625515D3C00031CA7 /* Debug */ = {
			isa = XCBuildConfiguration;
			buildSettings = {
				ASSETCATALOG_COMPILER_APPICON_NAME = AppIcon;
				ASSETCATALOG_COMPILER_GLOBAL_ACCENT_COLOR_NAME = AccentColor;
				CODE_SIGN_ENTITLEMENTS = "Orchard/Supporting Files/Orchard.entitlements";
				CODE_SIGN_STYLE = Automatic;
				COMBINE_HIDPI_IMAGES = YES;
				DEVELOPMENT_TEAM = P6JHS6DJWA;
				ENABLE_HARDENED_RUNTIME = YES;
				INFOPLIST_FILE = "Orchard/Supporting Files/Info.plist";
				LD_RUNPATH_SEARCH_PATHS = (
					"$(inherited)",
					"@executable_path/../Frameworks",
				);
				PRODUCT_BUNDLE_IDENTIFIER = com.test.Orchard;
				PRODUCT_NAME = "$(TARGET_NAME)";
				SWIFT_VERSION = 5.0;
			};
			name = Debug;
		};
		18D3A17725515D3C00031CA7 /* Release */ = {
			isa = XCBuildConfiguration;
			buildSettings = {
				ASSETCATALOG_COMPILER_APPICON_NAME = AppIcon;
				ASSETCATALOG_COMPILER_GLOBAL_ACCENT_COLOR_NAME = AccentColor;
				CODE_SIGN_ENTITLEMENTS = "Orchard/Supporting Files/Orchard.entitlements";
				CODE_SIGN_STYLE = Automatic;
				COMBINE_HIDPI_IMAGES = YES;
				DEVELOPMENT_TEAM = P6JHS6DJWA;
				ENABLE_HARDENED_RUNTIME = YES;
				INFOPLIST_FILE = "Orchard/Supporting Files/Info.plist";
				LD_RUNPATH_SEARCH_PATHS = (
					"$(inherited)",
					"@executable_path/../Frameworks",
				);
				PRODUCT_BUNDLE_IDENTIFIER = com.test.Orchard;
				PRODUCT_NAME = "$(TARGET_NAME)";
				SWIFT_VERSION = 5.0;
			};
			name = Release;
		};
/* End XCBuildConfiguration section */

/* Begin XCConfigurationList section */
		18D3A15E25515D3A00031CA7 /* Build configuration list for PBXProject "Orchard" */ = {
			isa = XCConfigurationList;
			buildConfigurations = (
				18D3A17325515D3C00031CA7 /* Debug */,
				18D3A17425515D3C00031CA7 /* Release */,
			);
			defaultConfigurationIsVisible = 0;
			defaultConfigurationName = Release;
		};
		18D3A17525515D3C00031CA7 /* Build configuration list for PBXNativeTarget "Orchard" */ = {
			isa = XCConfigurationList;
			buildConfigurations = (
				18D3A17625515D3C00031CA7 /* Debug */,
				18D3A17725515D3C00031CA7 /* Release */,
			);
			defaultConfigurationIsVisible = 0;
			defaultConfigurationName = Release;
		};
/* End XCConfigurationList section */
	};
	rootObject = 18D3A15B25515D3A00031CA7 /* Project object */;
}
