// !$*UTF8*$!
{
	archiveVersion = 1;
	classes = {
	};
	objectVersion = 52;
	objects = {

/* Begin PBXBuildFile section */
		1807F84125542971008388DC /* InspectorTabViewController.swift in Sources */ = {isa = PBXBuildFile; fileRef = 1807F84025542971008388DC /* InspectorTabViewController.swift */; };
		1807F84C255429C4008388DC /* InspectorTabViewCoordinator.swift in Sources */ = {isa = PBXBuildFile; fileRef = 1807F84B255429C4008388DC /* InspectorTabViewCoordinator.swift */; };
		1808EBDF2553F60E00484BEC /* NSResponder.swift in Sources */ = {isa = PBXBuildFile; fileRef = 1808EBDE2553F60E00484BEC /* NSResponder.swift */; };
		180FDD0025F7A918007A208C /* InspectorViewController.swift in Sources */ = {isa = PBXBuildFile; fileRef = 180FDCFF25F7A918007A208C /* InspectorViewController.swift */; };
		180FDD0325F7A94C007A208C /* InspectorCoordinator.swift in Sources */ = {isa = PBXBuildFile; fileRef = 180FDD0225F7A94C007A208C /* InspectorCoordinator.swift */; };
		183317A0257E20CE001CC0A3 /* NSStoryboard.swift in Sources */ = {isa = PBXBuildFile; fileRef = 1833179F257E20CE001CC0A3 /* NSStoryboard.swift */; };
		1859140A2558105A003618DB /* NumberStepper.swift in Sources */ = {isa = PBXBuildFile; fileRef = 185914092558105A003618DB /* NumberStepper.swift */; };
		185D0F6325FA5E60009D8F16 /* SurfaceTileType.swift in Sources */ = {isa = PBXBuildFile; fileRef = 185D0F6225FA5E60009D8F16 /* SurfaceTileType.swift */; };
		185F87D32556FA84008BFF30 /* CoordinateView.swift in Sources */ = {isa = PBXBuildFile; fileRef = 185F87D22556FA84008BFF30 /* CoordinateView.swift */; };
		1870D16F2555434C00B39F8C /* SurfaceInspectorViewController.swift in Sources */ = {isa = PBXBuildFile; fileRef = 1870D16E2555434C00B39F8C /* SurfaceInspectorViewController.swift */; };
		1870D1722555437600B39F8C /* SurfaceInspectorCoordinator.swift in Sources */ = {isa = PBXBuildFile; fileRef = 1870D1712555437600B39F8C /* SurfaceInspectorCoordinator.swift */; };
		1870D1752555439900B39F8C /* SceneInspectorViewController.swift in Sources */ = {isa = PBXBuildFile; fileRef = 1870D1742555439900B39F8C /* SceneInspectorViewController.swift */; };
		1870D178255543AB00B39F8C /* SceneInspectorCoordinator.swift in Sources */ = {isa = PBXBuildFile; fileRef = 1870D177255543AB00B39F8C /* SceneInspectorCoordinator.swift */; };
		1874BF4A257F712A00976F82 /* Meadow in Frameworks */ = {isa = PBXBuildFile; productRef = 1874BF49257F712A00976F82 /* Meadow */; };
		18814F7D25838A62004689E5 /* SpriteView.swift in Sources */ = {isa = PBXBuildFile; fileRef = 18814F7C25838A62004689E5 /* SpriteView.swift */; };
		18814F8225838D2D004689E5 /* KeyboardObserver.swift in Sources */ = {isa = PBXBuildFile; fileRef = 18814F8125838D2D004689E5 /* KeyboardObserver.swift */; };
		18814F8525838D4A004689E5 /* MouseObserver.swift in Sources */ = {isa = PBXBuildFile; fileRef = 18814F8425838D4A004689E5 /* MouseObserver.swift */; };
		18814F882583A48A004689E5 /* KeyboardObservable.swift in Sources */ = {isa = PBXBuildFile; fileRef = 18814F872583A48A004689E5 /* KeyboardObservable.swift */; };
		18814F8B2583A496004689E5 /* MouseObservable.swift in Sources */ = {isa = PBXBuildFile; fileRef = 18814F8A2583A496004689E5 /* MouseObservable.swift */; };
		18A26C9D25F8B6C20077AF3D /* Map.swift in Sources */ = {isa = PBXBuildFile; fileRef = 18A26C9C25F8B6C20077AF3D /* Map.swift */; };
		18A26CA125F8C0C10077AF3D /* SurfaceTile2D.swift in Sources */ = {isa = PBXBuildFile; fileRef = 18A26CA025F8C0C10077AF3D /* SurfaceTile2D.swift */; };
		18A26CA425F8C35C0077AF3D /* SurfaceChunk2D.swift in Sources */ = {isa = PBXBuildFile; fileRef = 18A26CA325F8C35C0077AF3D /* SurfaceChunk2D.swift */; };
		18A26CA725F8C4B40077AF3D /* Surface2D.swift in Sources */ = {isa = PBXBuildFile; fileRef = 18A26CA625F8C4B40077AF3D /* Surface2D.swift */; };
		18A26CAA25F8C9320077AF3D /* Editor.swift in Sources */ = {isa = PBXBuildFile; fileRef = 18A26CA925F8C9320077AF3D /* Editor.swift */; };
		18AFB91625FA4C3400C1B847 /* SurfaceViewModel.swift in Sources */ = {isa = PBXBuildFile; fileRef = 18AFB91525FA4C3400C1B847 /* SurfaceViewModel.swift */; };
		18AFB91A25FA4DD800C1B847 /* SurfaceMaterialCoordinator.swift in Sources */ = {isa = PBXBuildFile; fileRef = 18AFB91925FA4DD800C1B847 /* SurfaceMaterialCoordinator.swift */; };
		18AFB91E25FA503B00C1B847 /* SurfaceCoordinator.swift in Sources */ = {isa = PBXBuildFile; fileRef = 18AFB91D25FA503B00C1B847 /* SurfaceCoordinator.swift */; };
		18AFB92125FA554500C1B847 /* SurfaceUtilityCoordinator.swift in Sources */ = {isa = PBXBuildFile; fileRef = 18AFB92025FA554500C1B847 /* SurfaceUtilityCoordinator.swift */; };
		18D3A16725515D3A00031CA7 /* AppDelegate.swift in Sources */ = {isa = PBXBuildFile; fileRef = 18D3A16625515D3A00031CA7 /* AppDelegate.swift */; };
		18D3A16B25515D3A00031CA7 /* Document.swift in Sources */ = {isa = PBXBuildFile; fileRef = 18D3A16A25515D3A00031CA7 /* Document.swift */; };
		18D3A16D25515D3C00031CA7 /* Assets.xcassets in Resources */ = {isa = PBXBuildFile; fileRef = 18D3A16C25515D3C00031CA7 /* Assets.xcassets */; };
		18D3A17025515D3C00031CA7 /* Main.storyboard in Resources */ = {isa = PBXBuildFile; fileRef = 18D3A16E25515D3C00031CA7 /* Main.storyboard */; };
		18D3A1802551652000031CA7 /* WindowController.swift in Sources */ = {isa = PBXBuildFile; fileRef = 18D3A17F2551652000031CA7 /* WindowController.swift */; };
		18EDA9FD25FBB452008A7AF0 /* SurfaceElevationCoordinator.swift in Sources */ = {isa = PBXBuildFile; fileRef = 18EDA9FC25FBB452008A7AF0 /* SurfaceElevationCoordinator.swift */; };
		18FB382C25516F5A0036CA95 /* WindowCoordinator.swift in Sources */ = {isa = PBXBuildFile; fileRef = 18FB382B25516F5A0036CA95 /* WindowCoordinator.swift */; };
		18FB382F2551752B0036CA95 /* Coordinator.swift in Sources */ = {isa = PBXBuildFile; fileRef = 18FB382E2551752B0036CA95 /* Coordinator.swift */; };
		18FB38352551778A0036CA95 /* SplitViewController.swift in Sources */ = {isa = PBXBuildFile; fileRef = 18FB38342551778A0036CA95 /* SplitViewController.swift */; };
		18FB383B255177AC0036CA95 /* SplitViewCoordinator.swift in Sources */ = {isa = PBXBuildFile; fileRef = 18FB383A255177AC0036CA95 /* SplitViewCoordinator.swift */; };
		18FB383F255178D30036CA95 /* ToolbarViewController.swift in Sources */ = {isa = PBXBuildFile; fileRef = 18FB383E255178D30036CA95 /* ToolbarViewController.swift */; };
		18FB3842255178ED0036CA95 /* SceneViewController.swift in Sources */ = {isa = PBXBuildFile; fileRef = 18FB3841255178ED0036CA95 /* SceneViewController.swift */; };
		18FB384B2551792E0036CA95 /* SceneCoordinator.swift in Sources */ = {isa = PBXBuildFile; fileRef = 18FB384A2551792E0036CA95 /* SceneCoordinator.swift */; };
		18FB384F255179380036CA95 /* ToolbarCoordinator.swift in Sources */ = {isa = PBXBuildFile; fileRef = 18FB384E255179380036CA95 /* ToolbarCoordinator.swift */; };
/* End PBXBuildFile section */

/* Begin PBXFileReference section */
		1807F84025542971008388DC /* InspectorTabViewController.swift */ = {isa = PBXFileReference; lastKnownFileType = sourcecode.swift; path = InspectorTabViewController.swift; sourceTree = "<group>"; };
		1807F84B255429C4008388DC /* InspectorTabViewCoordinator.swift */ = {isa = PBXFileReference; lastKnownFileType = sourcecode.swift; path = InspectorTabViewCoordinator.swift; sourceTree = "<group>"; };
		1808EBDE2553F60E00484BEC /* NSResponder.swift */ = {isa = PBXFileReference; lastKnownFileType = sourcecode.swift; path = NSResponder.swift; sourceTree = "<group>"; };
		180FDCFF25F7A918007A208C /* InspectorViewController.swift */ = {isa = PBXFileReference; lastKnownFileType = sourcecode.swift; path = InspectorViewController.swift; sourceTree = "<group>"; };
		180FDD0225F7A94C007A208C /* InspectorCoordinator.swift */ = {isa = PBXFileReference; lastKnownFileType = sourcecode.swift; path = InspectorCoordinator.swift; sourceTree = "<group>"; };
		1833179F257E20CE001CC0A3 /* NSStoryboard.swift */ = {isa = PBXFileReference; lastKnownFileType = sourcecode.swift; path = NSStoryboard.swift; sourceTree = "<group>"; };
		185914092558105A003618DB /* NumberStepper.swift */ = {isa = PBXFileReference; lastKnownFileType = sourcecode.swift; path = NumberStepper.swift; sourceTree = "<group>"; };
		185D0F6225FA5E60009D8F16 /* SurfaceTileType.swift */ = {isa = PBXFileReference; lastKnownFileType = sourcecode.swift; path = SurfaceTileType.swift; sourceTree = "<group>"; };
		185F87D22556FA84008BFF30 /* CoordinateView.swift */ = {isa = PBXFileReference; lastKnownFileType = sourcecode.swift; path = CoordinateView.swift; sourceTree = "<group>"; };
		1870D16E2555434C00B39F8C /* SurfaceInspectorViewController.swift */ = {isa = PBXFileReference; lastKnownFileType = sourcecode.swift; path = SurfaceInspectorViewController.swift; sourceTree = "<group>"; };
		1870D1712555437600B39F8C /* SurfaceInspectorCoordinator.swift */ = {isa = PBXFileReference; lastKnownFileType = sourcecode.swift; path = SurfaceInspectorCoordinator.swift; sourceTree = "<group>"; };
		1870D1742555439900B39F8C /* SceneInspectorViewController.swift */ = {isa = PBXFileReference; lastKnownFileType = sourcecode.swift; path = SceneInspectorViewController.swift; sourceTree = "<group>"; };
		1870D177255543AB00B39F8C /* SceneInspectorCoordinator.swift */ = {isa = PBXFileReference; lastKnownFileType = sourcecode.swift; path = SceneInspectorCoordinator.swift; sourceTree = "<group>"; };
		1874BF45257F710200976F82 /* Meadow */ = {isa = PBXFileReference; lastKnownFileType = folder; name = Meadow; path = ../Meadow; sourceTree = "<group>"; };
		18814F7C25838A62004689E5 /* SpriteView.swift */ = {isa = PBXFileReference; lastKnownFileType = sourcecode.swift; path = SpriteView.swift; sourceTree = "<group>"; };
		18814F8125838D2D004689E5 /* KeyboardObserver.swift */ = {isa = PBXFileReference; lastKnownFileType = sourcecode.swift; path = KeyboardObserver.swift; sourceTree = "<group>"; };
		18814F8425838D4A004689E5 /* MouseObserver.swift */ = {isa = PBXFileReference; lastKnownFileType = sourcecode.swift; path = MouseObserver.swift; sourceTree = "<group>"; };
		18814F872583A48A004689E5 /* KeyboardObservable.swift */ = {isa = PBXFileReference; lastKnownFileType = sourcecode.swift; path = KeyboardObservable.swift; sourceTree = "<group>"; };
		18814F8A2583A496004689E5 /* MouseObservable.swift */ = {isa = PBXFileReference; lastKnownFileType = sourcecode.swift; path = MouseObservable.swift; sourceTree = "<group>"; };
		18A26C9C25F8B6C20077AF3D /* Map.swift */ = {isa = PBXFileReference; lastKnownFileType = sourcecode.swift; path = Map.swift; sourceTree = "<group>"; };
		18A26CA025F8C0C10077AF3D /* SurfaceTile2D.swift */ = {isa = PBXFileReference; lastKnownFileType = sourcecode.swift; path = SurfaceTile2D.swift; sourceTree = "<group>"; };
		18A26CA325F8C35C0077AF3D /* SurfaceChunk2D.swift */ = {isa = PBXFileReference; lastKnownFileType = sourcecode.swift; path = SurfaceChunk2D.swift; sourceTree = "<group>"; };
		18A26CA625F8C4B40077AF3D /* Surface2D.swift */ = {isa = PBXFileReference; lastKnownFileType = sourcecode.swift; path = Surface2D.swift; sourceTree = "<group>"; };
		18A26CA925F8C9320077AF3D /* Editor.swift */ = {isa = PBXFileReference; lastKnownFileType = sourcecode.swift; path = Editor.swift; sourceTree = "<group>"; };
		18AFB91525FA4C3400C1B847 /* SurfaceViewModel.swift */ = {isa = PBXFileReference; lastKnownFileType = sourcecode.swift; path = SurfaceViewModel.swift; sourceTree = "<group>"; };
		18AFB91925FA4DD800C1B847 /* SurfaceMaterialCoordinator.swift */ = {isa = PBXFileReference; lastKnownFileType = sourcecode.swift; path = SurfaceMaterialCoordinator.swift; sourceTree = "<group>"; };
		18AFB91D25FA503B00C1B847 /* SurfaceCoordinator.swift */ = {isa = PBXFileReference; lastKnownFileType = sourcecode.swift; path = SurfaceCoordinator.swift; sourceTree = "<group>"; };
		18AFB92025FA554500C1B847 /* SurfaceUtilityCoordinator.swift */ = {isa = PBXFileReference; lastKnownFileType = sourcecode.swift; path = SurfaceUtilityCoordinator.swift; sourceTree = "<group>"; };
		18D3A16325515D3A00031CA7 /* Orchard.app */ = {isa = PBXFileReference; explicitFileType = wrapper.application; includeInIndex = 0; path = Orchard.app; sourceTree = BUILT_PRODUCTS_DIR; };
		18D3A16625515D3A00031CA7 /* AppDelegate.swift */ = {isa = PBXFileReference; lastKnownFileType = sourcecode.swift; path = AppDelegate.swift; sourceTree = "<group>"; };
		18D3A16A25515D3A00031CA7 /* Document.swift */ = {isa = PBXFileReference; lastKnownFileType = sourcecode.swift; path = Document.swift; sourceTree = "<group>"; };
		18D3A16C25515D3C00031CA7 /* Assets.xcassets */ = {isa = PBXFileReference; lastKnownFileType = folder.assetcatalog; path = Assets.xcassets; sourceTree = "<group>"; };
		18D3A16F25515D3C00031CA7 /* Base */ = {isa = PBXFileReference; lastKnownFileType = file.storyboard; name = Base; path = Base.lproj/Main.storyboard; sourceTree = "<group>"; };
		18D3A17125515D3C00031CA7 /* Info.plist */ = {isa = PBXFileReference; lastKnownFileType = text.plist.xml; path = Info.plist; sourceTree = "<group>"; };
		18D3A17225515D3C00031CA7 /* Orchard.entitlements */ = {isa = PBXFileReference; lastKnownFileType = text.plist.entitlements; path = Orchard.entitlements; sourceTree = "<group>"; };
		18D3A17F2551652000031CA7 /* WindowController.swift */ = {isa = PBXFileReference; lastKnownFileType = sourcecode.swift; path = WindowController.swift; sourceTree = "<group>"; };
		18EDA9FC25FBB452008A7AF0 /* SurfaceElevationCoordinator.swift */ = {isa = PBXFileReference; lastKnownFileType = sourcecode.swift; path = SurfaceElevationCoordinator.swift; sourceTree = "<group>"; };
		18FB382B25516F5A0036CA95 /* WindowCoordinator.swift */ = {isa = PBXFileReference; lastKnownFileType = sourcecode.swift; path = WindowCoordinator.swift; sourceTree = "<group>"; };
		18FB382E2551752B0036CA95 /* Coordinator.swift */ = {isa = PBXFileReference; fileEncoding = 4; lastKnownFileType = sourcecode.swift; path = Coordinator.swift; sourceTree = "<group>"; };
		18FB38342551778A0036CA95 /* SplitViewController.swift */ = {isa = PBXFileReference; lastKnownFileType = sourcecode.swift; path = SplitViewController.swift; sourceTree = "<group>"; };
		18FB383A255177AC0036CA95 /* SplitViewCoordinator.swift */ = {isa = PBXFileReference; lastKnownFileType = sourcecode.swift; path = SplitViewCoordinator.swift; sourceTree = "<group>"; };
		18FB383E255178D30036CA95 /* ToolbarViewController.swift */ = {isa = PBXFileReference; lastKnownFileType = sourcecode.swift; path = ToolbarViewController.swift; sourceTree = "<group>"; };
		18FB3841255178ED0036CA95 /* SceneViewController.swift */ = {isa = PBXFileReference; lastKnownFileType = sourcecode.swift; path = SceneViewController.swift; sourceTree = "<group>"; };
		18FB384A2551792E0036CA95 /* SceneCoordinator.swift */ = {isa = PBXFileReference; lastKnownFileType = sourcecode.swift; path = SceneCoordinator.swift; sourceTree = "<group>"; };
		18FB384E255179380036CA95 /* ToolbarCoordinator.swift */ = {isa = PBXFileReference; lastKnownFileType = sourcecode.swift; path = ToolbarCoordinator.swift; sourceTree = "<group>"; };
/* End PBXFileReference section */

/* Begin PBXFrameworksBuildPhase section */
		18D3A16025515D3A00031CA7 /* Frameworks */ = {
			isa = PBXFrameworksBuildPhase;
			buildActionMask = 2147483647;
			files = (
				1874BF4A257F712A00976F82 /* Meadow in Frameworks */,
			);
			runOnlyForDeploymentPostprocessing = 0;
		};
/* End PBXFrameworksBuildPhase section */

/* Begin PBXGroup section */
		1807F82F255427DF008388DC /* Tab View */ = {
			isa = PBXGroup;
			children = (
				1807F84025542971008388DC /* InspectorTabViewController.swift */,
			);
			path = "Tab View";
			sourceTree = "<group>";
		};
		1807F84325542998008388DC /* Tab View */ = {
			isa = PBXGroup;
			children = (
				1807F84B255429C4008388DC /* InspectorTabViewCoordinator.swift */,
			);
			path = "Tab View";
			sourceTree = "<group>";
		};
		1807F85125542DE9008388DC /* Inspector */ = {
			isa = PBXGroup;
			children = (
				180FDCFF25F7A918007A208C /* InspectorViewController.swift */,
				1870D1742555439900B39F8C /* SceneInspectorViewController.swift */,
				1870D16E2555434C00B39F8C /* SurfaceInspectorViewController.swift */,
			);
			path = Inspector;
			sourceTree = "<group>";
		};
		1807F85325542DF3008388DC /* Inspector */ = {
			isa = PBXGroup;
			children = (
				18AFB91825FA4DC300C1B847 /* Surface */,
				180FDD0225F7A94C007A208C /* InspectorCoordinator.swift */,
				1870D177255543AB00B39F8C /* SceneInspectorCoordinator.swift */,
			);
			path = Inspector;
			sourceTree = "<group>";
		};
		181002612551951800FFE101 /* Supporting Files */ = {
			isa = PBXGroup;
			children = (
				18D3A17125515D3C00031CA7 /* Info.plist */,
				18D3A17225515D3C00031CA7 /* Orchard.entitlements */,
			);
			path = "Supporting Files";
			sourceTree = "<group>";
		};
		1859140825581048003618DB /* NumberStepper */ = {
			isa = PBXGroup;
			children = (
				185914092558105A003618DB /* NumberStepper.swift */,
			);
			path = NumberStepper;
			sourceTree = "<group>";
		};
		185F87D12556FA51008BFF30 /* Views */ = {
			isa = PBXGroup;
			children = (
				185F87D62556FA87008BFF30 /* Coordinate View */,
				1859140825581048003618DB /* NumberStepper */,
				18814F7B25838A54004689E5 /* Sprite View */,
			);
			path = Views;
			sourceTree = "<group>";
		};
		185F87D62556FA87008BFF30 /* Coordinate View */ = {
			isa = PBXGroup;
			children = (
				185F87D22556FA84008BFF30 /* CoordinateView.swift */,
			);
			path = "Coordinate View";
			sourceTree = "<group>";
		};
		1874BF48257F712A00976F82 /* Frameworks */ = {
			isa = PBXGroup;
			children = (
			);
			name = Frameworks;
			sourceTree = "<group>";
		};
		18814F7B25838A54004689E5 /* Sprite View */ = {
			isa = PBXGroup;
			children = (
				18814F7C25838A62004689E5 /* SpriteView.swift */,
			);
			path = "Sprite View";
			sourceTree = "<group>";
		};
		18814F8025838D1B004689E5 /* Observers */ = {
			isa = PBXGroup;
			children = (
				18814F872583A48A004689E5 /* KeyboardObservable.swift */,
				18814F8125838D2D004689E5 /* KeyboardObserver.swift */,
				18814F8A2583A496004689E5 /* MouseObservable.swift */,
				18814F8425838D4A004689E5 /* MouseObserver.swift */,
			);
			path = Observers;
			sourceTree = "<group>";
		};
		18A26C9B25F8B6B00077AF3D /* Editor */ = {
			isa = PBXGroup;
			children = (
				18A26CA925F8C9320077AF3D /* Editor.swift */,
				18A26C9C25F8B6C20077AF3D /* Map.swift */,
				18A26C9F25F8C06A0077AF3D /* Surface */,
			);
			path = Editor;
			sourceTree = "<group>";
		};
		18A26C9F25F8C06A0077AF3D /* Surface */ = {
			isa = PBXGroup;
			children = (
				18A26CA625F8C4B40077AF3D /* Surface2D.swift */,
				18A26CA325F8C35C0077AF3D /* SurfaceChunk2D.swift */,
				18A26CA025F8C0C10077AF3D /* SurfaceTile2D.swift */,
			);
			path = Surface;
			sourceTree = "<group>";
		};
		18AFB91425FA4C2600C1B847 /* View Models */ = {
			isa = PBXGroup;
			children = (
				18AFB91525FA4C3400C1B847 /* SurfaceViewModel.swift */,
			);
			path = "View Models";
			sourceTree = "<group>";
		};
		18AFB91825FA4DC300C1B847 /* Surface */ = {
			isa = PBXGroup;
			children = (
				1870D1712555437600B39F8C /* SurfaceInspectorCoordinator.swift */,
				18AFB91925FA4DD800C1B847 /* SurfaceMaterialCoordinator.swift */,
				18AFB91D25FA503B00C1B847 /* SurfaceCoordinator.swift */,
				18AFB92025FA554500C1B847 /* SurfaceUtilityCoordinator.swift */,
				18EDA9FC25FBB452008A7AF0 /* SurfaceElevationCoordinator.swift */,
			);
			path = Surface;
			sourceTree = "<group>";
		};
		18D3A15A25515D3A00031CA7 = {
			isa = PBXGroup;
			children = (
				1874BF45257F710200976F82 /* Meadow */,
				18D3A16525515D3A00031CA7 /* Orchard */,
				18D3A16425515D3A00031CA7 /* Products */,
				1874BF48257F712A00976F82 /* Frameworks */,
			);
			sourceTree = "<group>";
		};
		18D3A16425515D3A00031CA7 /* Products */ = {
			isa = PBXGroup;
			children = (
				18D3A16325515D3A00031CA7 /* Orchard.app */,
			);
			name = Products;
			sourceTree = "<group>";
		};
		18D3A16525515D3A00031CA7 /* Orchard */ = {
			isa = PBXGroup;
			children = (
				18AFB91425FA4C2600C1B847 /* View Models */,
				18A26C9B25F8B6B00077AF3D /* Editor */,
				18D3A16625515D3A00031CA7 /* AppDelegate.swift */,
				18D3A16C25515D3C00031CA7 /* Assets.xcassets */,
				18D3A17E2551650800031CA7 /* Controllers */,
				18FB3825255167790036CA95 /* Coordinators */,
				18FB382A255167B40036CA95 /* Document */,
				18F4F5DA2552BC74007AC940 /* Extensions */,
				18814F8025838D1B004689E5 /* Observers */,
				18FB38242551674F0036CA95 /* Storyboards */,
				181002612551951800FFE101 /* Supporting Files */,
				185F87D12556FA51008BFF30 /* Views */,
			);
			path = Orchard;
			sourceTree = "<group>";
		};
		18D3A17E2551650800031CA7 /* Controllers */ = {
			isa = PBXGroup;
			children = (
				1807F85125542DE9008388DC /* Inspector */,
				18FB3828255167940036CA95 /* Scene */,
				18FB38272551678D0036CA95 /* Toolbar */,
				18FB38332551777B0036CA95 /* Split View */,
				1807F82F255427DF008388DC /* Tab View */,
				18FB3826255167850036CA95 /* Window */,
			);
			path = Controllers;
			sourceTree = "<group>";
		};
		18F4F5DA2552BC74007AC940 /* Extensions */ = {
			isa = PBXGroup;
			children = (
				1808EBDE2553F60E00484BEC /* NSResponder.swift */,
				1833179F257E20CE001CC0A3 /* NSStoryboard.swift */,
				185D0F6225FA5E60009D8F16 /* SurfaceTileType.swift */,
			);
			path = Extensions;
			sourceTree = "<group>";
		};
		18FB38242551674F0036CA95 /* Storyboards */ = {
			isa = PBXGroup;
			children = (
				18D3A16E25515D3C00031CA7 /* Main.storyboard */,
			);
			path = Storyboards;
			sourceTree = "<group>";
		};
		18FB3825255167790036CA95 /* Coordinators */ = {
			isa = PBXGroup;
			children = (
				18FB38312551752E0036CA95 /* Coordinator */,
				1807F85325542DF3008388DC /* Inspector */,
				18FB3847255179160036CA95 /* Scene */,
				18FB38482551791C0036CA95 /* Toolbar */,
				18FB3839255177A20036CA95 /* Split View */,
				1807F84325542998008388DC /* Tab View */,
				18FB38382551779C0036CA95 /* Window */,
			);
			path = Coordinators;
			sourceTree = "<group>";
		};
		18FB3826255167850036CA95 /* Window */ = {
			isa = PBXGroup;
			children = (
				18D3A17F2551652000031CA7 /* WindowController.swift */,
			);
			path = Window;
			sourceTree = "<group>";
		};
		18FB38272551678D0036CA95 /* Toolbar */ = {
			isa = PBXGroup;
			children = (
				18FB383E255178D30036CA95 /* ToolbarViewController.swift */,
			);
			path = Toolbar;
			sourceTree = "<group>";
		};
		18FB3828255167940036CA95 /* Scene */ = {
			isa = PBXGroup;
			children = (
				18FB3841255178ED0036CA95 /* SceneViewController.swift */,
			);
			path = Scene;
			sourceTree = "<group>";
		};
		18FB382A255167B40036CA95 /* Document */ = {
			isa = PBXGroup;
			children = (
				18D3A16A25515D3A00031CA7 /* Document.swift */,
			);
			path = Document;
			sourceTree = "<group>";
		};
		18FB38312551752E0036CA95 /* Coordinator */ = {
			isa = PBXGroup;
			children = (
				18FB382E2551752B0036CA95 /* Coordinator.swift */,
			);
			path = Coordinator;
			sourceTree = "<group>";
		};
		18FB38332551777B0036CA95 /* Split View */ = {
			isa = PBXGroup;
			children = (
				18FB38342551778A0036CA95 /* SplitViewController.swift */,
			);
			path = "Split View";
			sourceTree = "<group>";
		};
		18FB38382551779C0036CA95 /* Window */ = {
			isa = PBXGroup;
			children = (
				18FB382B25516F5A0036CA95 /* WindowCoordinator.swift */,
			);
			path = Window;
			sourceTree = "<group>";
		};
		18FB3839255177A20036CA95 /* Split View */ = {
			isa = PBXGroup;
			children = (
				18FB383A255177AC0036CA95 /* SplitViewCoordinator.swift */,
			);
			path = "Split View";
			sourceTree = "<group>";
		};
		18FB3847255179160036CA95 /* Scene */ = {
			isa = PBXGroup;
			children = (
				18FB384A2551792E0036CA95 /* SceneCoordinator.swift */,
			);
			path = Scene;
			sourceTree = "<group>";
		};
		18FB38482551791C0036CA95 /* Toolbar */ = {
			isa = PBXGroup;
			children = (
				18FB384E255179380036CA95 /* ToolbarCoordinator.swift */,
			);
			path = Toolbar;
			sourceTree = "<group>";
		};
/* End PBXGroup section */

/* Begin PBXNativeTarget section */
		18D3A16225515D3A00031CA7 /* Orchard */ = {
			isa = PBXNativeTarget;
			buildConfigurationList = 18D3A17525515D3C00031CA7 /* Build configuration list for PBXNativeTarget "Orchard" */;
			buildPhases = (
				18D3A15F25515D3A00031CA7 /* Sources */,
				18D3A16025515D3A00031CA7 /* Frameworks */,
				18D3A16125515D3A00031CA7 /* Resources */,
			);
			buildRules = (
			);
			dependencies = (
			);
			name = Orchard;
			packageProductDependencies = (
				1874BF49257F712A00976F82 /* Meadow */,
			);
			productName = Orchard;
			productReference = 18D3A16325515D3A00031CA7 /* Orchard.app */;
			productType = "com.apple.product-type.application";
		};
/* End PBXNativeTarget section */

/* Begin PBXProject section */
		18D3A15B25515D3A00031CA7 /* Project object */ = {
			isa = PBXProject;
			attributes = {
				LastSwiftUpdateCheck = 1210;
				LastUpgradeCheck = 1220;
				TargetAttributes = {
					18D3A16225515D3A00031CA7 = {
						CreatedOnToolsVersion = 12.1;
					};
				};
			};
			buildConfigurationList = 18D3A15E25515D3A00031CA7 /* Build configuration list for PBXProject "Orchard" */;
			compatibilityVersion = "Xcode 9.3";
			developmentRegion = en;
			hasScannedForEncodings = 0;
			knownRegions = (
				en,
				Base,
			);
			mainGroup = 18D3A15A25515D3A00031CA7;
			packageReferences = (
			);
			productRefGroup = 18D3A16425515D3A00031CA7 /* Products */;
			projectDirPath = "";
			projectRoot = "";
			targets = (
				18D3A16225515D3A00031CA7 /* Orchard */,
			);
		};
/* End PBXProject section */

/* Begin PBXResourcesBuildPhase section */
		18D3A16125515D3A00031CA7 /* Resources */ = {
			isa = PBXResourcesBuildPhase;
			buildActionMask = 2147483647;
			files = (
				18D3A16D25515D3C00031CA7 /* Assets.xcassets in Resources */,
				18D3A17025515D3C00031CA7 /* Main.storyboard in Resources */,
			);
			runOnlyForDeploymentPostprocessing = 0;
		};
/* End PBXResourcesBuildPhase section */

/* Begin PBXSourcesBuildPhase section */
		18D3A15F25515D3A00031CA7 /* Sources */ = {
			isa = PBXSourcesBuildPhase;
			buildActionMask = 2147483647;
			files = (
				18FB3842255178ED0036CA95 /* SceneViewController.swift in Sources */,
				18AFB91A25FA4DD800C1B847 /* SurfaceMaterialCoordinator.swift in Sources */,
				18FB383F255178D30036CA95 /* ToolbarViewController.swift in Sources */,
				1870D16F2555434C00B39F8C /* SurfaceInspectorViewController.swift in Sources */,
				18814F8225838D2D004689E5 /* KeyboardObserver.swift in Sources */,
				18A26CA425F8C35C0077AF3D /* SurfaceChunk2D.swift in Sources */,
				18FB383B255177AC0036CA95 /* SplitViewCoordinator.swift in Sources */,
				18814F7D25838A62004689E5 /* SpriteView.swift in Sources */,
				18814F8525838D4A004689E5 /* MouseObserver.swift in Sources */,
				1870D1722555437600B39F8C /* SurfaceInspectorCoordinator.swift in Sources */,
				18A26CA725F8C4B40077AF3D /* Surface2D.swift in Sources */,
				18814F8B2583A496004689E5 /* MouseObservable.swift in Sources */,
				1808EBDF2553F60E00484BEC /* NSResponder.swift in Sources */,
				18814F882583A48A004689E5 /* KeyboardObservable.swift in Sources */,
				18A26CAA25F8C9320077AF3D /* Editor.swift in Sources */,
				1859140A2558105A003618DB /* NumberStepper.swift in Sources */,
				18AFB91E25FA503B00C1B847 /* SurfaceCoordinator.swift in Sources */,
				1807F84C255429C4008388DC /* InspectorTabViewCoordinator.swift in Sources */,
				180FDD0025F7A918007A208C /* InspectorViewController.swift in Sources */,
				1870D178255543AB00B39F8C /* SceneInspectorCoordinator.swift in Sources */,
				18D3A1802551652000031CA7 /* WindowController.swift in Sources */,
				180FDD0325F7A94C007A208C /* InspectorCoordinator.swift in Sources */,
				18D3A16725515D3A00031CA7 /* AppDelegate.swift in Sources */,
				18FB384F255179380036CA95 /* ToolbarCoordinator.swift in Sources */,
				18FB382F2551752B0036CA95 /* Coordinator.swift in Sources */,
				18A26C9D25F8B6C20077AF3D /* Map.swift in Sources */,
				18A26CA125F8C0C10077AF3D /* SurfaceTile2D.swift in Sources */,
				18EDA9FD25FBB452008A7AF0 /* SurfaceElevationCoordinator.swift in Sources */,
				18FB382C25516F5A0036CA95 /* WindowCoordinator.swift in Sources */,
				18AFB91625FA4C3400C1B847 /* SurfaceViewModel.swift in Sources */,
				18D3A16B25515D3A00031CA7 /* Document.swift in Sources */,
				183317A0257E20CE001CC0A3 /* NSStoryboard.swift in Sources */,
				185F87D32556FA84008BFF30 /* CoordinateView.swift in Sources */,
				18AFB92125FA554500C1B847 /* SurfaceUtilityCoordinator.swift in Sources */,
				18FB38352551778A0036CA95 /* SplitViewController.swift in Sources */,
				18FB384B2551792E0036CA95 /* SceneCoordinator.swift in Sources */,
				1870D1752555439900B39F8C /* SceneInspectorViewController.swift in Sources */,
				1807F84125542971008388DC /* InspectorTabViewController.swift in Sources */,
				185D0F6325FA5E60009D8F16 /* SurfaceTileType.swift in Sources */,
			);
			runOnlyForDeploymentPostprocessing = 0;
		};
/* End PBXSourcesBuildPhase section */

/* Begin PBXVariantGroup section */
		18D3A16E25515D3C00031CA7 /* Main.storyboard */ = {
			isa = PBXVariantGroup;
			children = (
				18D3A16F25515D3C00031CA7 /* Base */,
			);
			name = Main.storyboard;
			sourceTree = "<group>";
		};
/* End PBXVariantGroup section */

/* Begin XCBuildConfiguration section */
		18D3A17325515D3C00031CA7 /* Debug */ = {
			isa = XCBuildConfiguration;
			buildSettings = {
				ALWAYS_SEARCH_USER_PATHS = NO;
				CLANG_ANALYZER_NONNULL = YES;
				CLANG_ANALYZER_NUMBER_OBJECT_CONVERSION = YES_AGGRESSIVE;
				CLANG_CXX_LANGUAGE_STANDARD = "gnu++14";
				CLANG_CXX_LIBRARY = "libc++";
				CLANG_ENABLE_MODULES = YES;
				CLANG_ENABLE_OBJC_ARC = YES;
				CLANG_ENABLE_OBJC_WEAK = YES;
				CLANG_WARN_BLOCK_CAPTURE_AUTORELEASING = YES;
				CLANG_WARN_BOOL_CONVERSION = YES;
				CLANG_WARN_COMMA = YES;
				CLANG_WARN_CONSTANT_CONVERSION = YES;
				CLANG_WARN_DEPRECATED_OBJC_IMPLEMENTATIONS = YES;
				CLANG_WARN_DIRECT_OBJC_ISA_USAGE = YES_ERROR;
				CLANG_WARN_DOCUMENTATION_COMMENTS = YES;
				CLANG_WARN_EMPTY_BODY = YES;
				CLANG_WARN_ENUM_CONVERSION = YES;
				CLANG_WARN_INFINITE_RECURSION = YES;
				CLANG_WARN_INT_CONVERSION = YES;
				CLANG_WARN_NON_LITERAL_NULL_CONVERSION = YES;
				CLANG_WARN_OBJC_IMPLICIT_RETAIN_SELF = YES;
				CLANG_WARN_OBJC_LITERAL_CONVERSION = YES;
				CLANG_WARN_OBJC_ROOT_CLASS = YES_ERROR;
				CLANG_WARN_QUOTED_INCLUDE_IN_FRAMEWORK_HEADER = YES;
				CLANG_WARN_RANGE_LOOP_ANALYSIS = YES;
				CLANG_WARN_STRICT_PROTOTYPES = YES;
				CLANG_WARN_SUSPICIOUS_MOVE = YES;
				CLANG_WARN_UNGUARDED_AVAILABILITY = YES_AGGRESSIVE;
				CLANG_WARN_UNREACHABLE_CODE = YES;
				CLANG_WARN__DUPLICATE_METHOD_MATCH = YES;
				COPY_PHASE_STRIP = NO;
				DEBUG_INFORMATION_FORMAT = dwarf;
				ENABLE_STRICT_OBJC_MSGSEND = YES;
				ENABLE_TESTABILITY = YES;
				GCC_C_LANGUAGE_STANDARD = gnu11;
				GCC_DYNAMIC_NO_PIC = NO;
				GCC_NO_COMMON_BLOCKS = YES;
				GCC_OPTIMIZATION_LEVEL = 0;
				GCC_PREPROCESSOR_DEFINITIONS = (
					"DEBUG=1",
					"$(inherited)",
				);
				GCC_WARN_64_TO_32_BIT_CONVERSION = YES;
				GCC_WARN_ABOUT_RETURN_TYPE = YES_ERROR;
				GCC_WARN_UNDECLARED_SELECTOR = YES;
				GCC_WARN_UNINITIALIZED_AUTOS = YES_AGGRESSIVE;
				GCC_WARN_UNUSED_FUNCTION = YES;
				GCC_WARN_UNUSED_VARIABLE = YES;
				MACOSX_DEPLOYMENT_TARGET = 10.15;
				MTL_ENABLE_DEBUG_INFO = INCLUDE_SOURCE;
				MTL_FAST_MATH = YES;
				ONLY_ACTIVE_ARCH = YES;
				SDKROOT = macosx;
				SWIFT_ACTIVE_COMPILATION_CONDITIONS = DEBUG;
				SWIFT_OPTIMIZATION_LEVEL = "-Onone";
			};
			name = Debug;
		};
		18D3A17425515D3C00031CA7 /* Release */ = {
			isa = XCBuildConfiguration;
			buildSettings = {
				ALWAYS_SEARCH_USER_PATHS = NO;
				CLANG_ANALYZER_NONNULL = YES;
				CLANG_ANALYZER_NUMBER_OBJECT_CONVERSION = YES_AGGRESSIVE;
				CLANG_CXX_LANGUAGE_STANDARD = "gnu++14";
				CLANG_CXX_LIBRARY = "libc++";
				CLANG_ENABLE_MODULES = YES;
				CLANG_ENABLE_OBJC_ARC = YES;
				CLANG_ENABLE_OBJC_WEAK = YES;
				CLANG_WARN_BLOCK_CAPTURE_AUTORELEASING = YES;
				CLANG_WARN_BOOL_CONVERSION = YES;
				CLANG_WARN_COMMA = YES;
				CLANG_WARN_CONSTANT_CONVERSION = YES;
				CLANG_WARN_DEPRECATED_OBJC_IMPLEMENTATIONS = YES;
				CLANG_WARN_DIRECT_OBJC_ISA_USAGE = YES_ERROR;
				CLANG_WARN_DOCUMENTATION_COMMENTS = YES;
				CLANG_WARN_EMPTY_BODY = YES;
				CLANG_WARN_ENUM_CONVERSION = YES;
				CLANG_WARN_INFINITE_RECURSION = YES;
				CLANG_WARN_INT_CONVERSION = YES;
				CLANG_WARN_NON_LITERAL_NULL_CONVERSION = YES;
				CLANG_WARN_OBJC_IMPLICIT_RETAIN_SELF = YES;
				CLANG_WARN_OBJC_LITERAL_CONVERSION = YES;
				CLANG_WARN_OBJC_ROOT_CLASS = YES_ERROR;
				CLANG_WARN_QUOTED_INCLUDE_IN_FRAMEWORK_HEADER = YES;
				CLANG_WARN_RANGE_LOOP_ANALYSIS = YES;
				CLANG_WARN_STRICT_PROTOTYPES = YES;
				CLANG_WARN_SUSPICIOUS_MOVE = YES;
				CLANG_WARN_UNGUARDED_AVAILABILITY = YES_AGGRESSIVE;
				CLANG_WARN_UNREACHABLE_CODE = YES;
				CLANG_WARN__DUPLICATE_METHOD_MATCH = YES;
				COPY_PHASE_STRIP = NO;
				DEBUG_INFORMATION_FORMAT = "dwarf-with-dsym";
				ENABLE_NS_ASSERTIONS = NO;
				ENABLE_STRICT_OBJC_MSGSEND = YES;
				GCC_C_LANGUAGE_STANDARD = gnu11;
				GCC_NO_COMMON_BLOCKS = YES;
				GCC_WARN_64_TO_32_BIT_CONVERSION = YES;
				GCC_WARN_ABOUT_RETURN_TYPE = YES_ERROR;
				GCC_WARN_UNDECLARED_SELECTOR = YES;
				GCC_WARN_UNINITIALIZED_AUTOS = YES_AGGRESSIVE;
				GCC_WARN_UNUSED_FUNCTION = YES;
				GCC_WARN_UNUSED_VARIABLE = YES;
				MACOSX_DEPLOYMENT_TARGET = 10.15;
				MTL_ENABLE_DEBUG_INFO = NO;
				MTL_FAST_MATH = YES;
				SDKROOT = macosx;
				SWIFT_COMPILATION_MODE = wholemodule;
				SWIFT_OPTIMIZATION_LEVEL = "-O";
			};
			name = Release;
		};
		18D3A17625515D3C00031CA7 /* Debug */ = {
			isa = XCBuildConfiguration;
			buildSettings = {
				ASSETCATALOG_COMPILER_APPICON_NAME = AppIcon;
				ASSETCATALOG_COMPILER_GLOBAL_ACCENT_COLOR_NAME = AccentColor;
				CODE_SIGN_ENTITLEMENTS = "Orchard/Supporting Files/Orchard.entitlements";
				CODE_SIGN_IDENTITY = "-";
				CODE_SIGN_STYLE = Manual;
				COMBINE_HIDPI_IMAGES = YES;
				DEVELOPMENT_TEAM = "";
				ENABLE_HARDENED_RUNTIME = YES;
				INFOPLIST_FILE = "Orchard/Supporting Files/Info.plist";
				LD_RUNPATH_SEARCH_PATHS = (
					"$(inherited)",
					"@executable_path/../Frameworks",
				);
				MARKETING_VERSION = 0.1;
				PRODUCT_BUNDLE_IDENTIFIER = "com.script-orchard.Orchard";
				PRODUCT_NAME = "$(TARGET_NAME)";
				PROVISIONING_PROFILE_SPECIFIER = "";
				SWIFT_VERSION = 5.0;
			};
			name = Debug;
		};
		18D3A17725515D3C00031CA7 /* Release */ = {
			isa = XCBuildConfiguration;
			buildSettings = {
				ASSETCATALOG_COMPILER_APPICON_NAME = AppIcon;
				ASSETCATALOG_COMPILER_GLOBAL_ACCENT_COLOR_NAME = AccentColor;
				CODE_SIGN_ENTITLEMENTS = "Orchard/Supporting Files/Orchard.entitlements";
				CODE_SIGN_IDENTITY = "-";
				CODE_SIGN_STYLE = Manual;
				COMBINE_HIDPI_IMAGES = YES;
				DEVELOPMENT_TEAM = "";
				ENABLE_HARDENED_RUNTIME = YES;
				INFOPLIST_FILE = "Orchard/Supporting Files/Info.plist";
				LD_RUNPATH_SEARCH_PATHS = (
					"$(inherited)",
					"@executable_path/../Frameworks",
				);
				MARKETING_VERSION = 0.1;
				PRODUCT_BUNDLE_IDENTIFIER = "com.script-orchard.Orchard";
				PRODUCT_NAME = "$(TARGET_NAME)";
				PROVISIONING_PROFILE_SPECIFIER = "";
				SWIFT_VERSION = 5.0;
			};
			name = Release;
		};
/* End XCBuildConfiguration section */

/* Begin XCConfigurationList section */
		18D3A15E25515D3A00031CA7 /* Build configuration list for PBXProject "Orchard" */ = {
			isa = XCConfigurationList;
			buildConfigurations = (
				18D3A17325515D3C00031CA7 /* Debug */,
				18D3A17425515D3C00031CA7 /* Release */,
			);
			defaultConfigurationIsVisible = 0;
			defaultConfigurationName = Release;
		};
		18D3A17525515D3C00031CA7 /* Build configuration list for PBXNativeTarget "Orchard" */ = {
			isa = XCConfigurationList;
			buildConfigurations = (
				18D3A17625515D3C00031CA7 /* Debug */,
				18D3A17725515D3C00031CA7 /* Release */,
			);
			defaultConfigurationIsVisible = 0;
			defaultConfigurationName = Release;
		};
/* End XCConfigurationList section */

/* Begin XCSwiftPackageProductDependency section */
		1874BF49257F712A00976F82 /* Meadow */ = {
			isa = XCSwiftPackageProductDependency;
			productName = Meadow;
		};
/* End XCSwiftPackageProductDependency section */
	};
	rootObject = 18D3A15B25515D3A00031CA7 /* Project object */;
}
