// !$*UTF8*$!
{
	archiveVersion = 1;
	classes = {
	};
	objectVersion = 52;
	objects = {

/* Begin PBXBuildFile section */
		1807F82A255426B0008388DC /* Inspector.storyboard in Resources */ = {isa = PBXBuildFile; fileRef = 1807F829255426B0008388DC /* Inspector.storyboard */; };
		1807F82D255426B9008388DC /* Utility.storyboard in Resources */ = {isa = PBXBuildFile; fileRef = 1807F82C255426B9008388DC /* Utility.storyboard */; };
		1807F83325542878008388DC /* SidebarViewController.swift in Sources */ = {isa = PBXBuildFile; fileRef = 1807F83225542878008388DC /* SidebarViewController.swift */; };
		1807F8382554289A008388DC /* SidebarCoordinator.swift in Sources */ = {isa = PBXBuildFile; fileRef = 1807F8372554289A008388DC /* SidebarCoordinator.swift */; };
		1807F83B25542955008388DC /* SidebarTabViewController.swift in Sources */ = {isa = PBXBuildFile; fileRef = 1807F83A25542955008388DC /* SidebarTabViewController.swift */; };
		1807F83E25542961008388DC /* InspectorTabViewController.swift in Sources */ = {isa = PBXBuildFile; fileRef = 1807F83D25542961008388DC /* InspectorTabViewController.swift */; };
		1807F84125542971008388DC /* UtilityTabViewController.swift in Sources */ = {isa = PBXBuildFile; fileRef = 1807F84025542971008388DC /* UtilityTabViewController.swift */; };
		1807F845255429AA008388DC /* SidebarTabViewCoordinator.swift in Sources */ = {isa = PBXBuildFile; fileRef = 1807F844255429AA008388DC /* SidebarTabViewCoordinator.swift */; };
		1807F849255429B8008388DC /* InspectorTabViewCoordinator.swift in Sources */ = {isa = PBXBuildFile; fileRef = 1807F848255429B8008388DC /* InspectorTabViewCoordinator.swift */; };
		1807F84C255429C4008388DC /* UtilityTabViewCoordinator.swift in Sources */ = {isa = PBXBuildFile; fileRef = 1807F84B255429C4008388DC /* UtilityTabViewCoordinator.swift */; };
		1807F85725542E50008388DC /* TerrainUtilityViewController.swift in Sources */ = {isa = PBXBuildFile; fileRef = 1807F85625542E50008388DC /* TerrainUtilityViewController.swift */; };
		1807F85A25542E67008388DC /* TerrainUtilityCoordinator.swift in Sources */ = {isa = PBXBuildFile; fileRef = 1807F85925542E67008388DC /* TerrainUtilityCoordinator.swift */; };
		1807F863255446F4008388DC /* TerrainUtilityTabViewCoordinator.swift in Sources */ = {isa = PBXBuildFile; fileRef = 1807F862255446F4008388DC /* TerrainUtilityTabViewCoordinator.swift */; };
		1807F86625544717008388DC /* TerrainUtilityTabViewController.swift in Sources */ = {isa = PBXBuildFile; fileRef = 1807F86525544717008388DC /* TerrainUtilityTabViewController.swift */; };
		1807F86A255448B1008388DC /* TerrainBuildUtilityCoordinator.swift in Sources */ = {isa = PBXBuildFile; fileRef = 1807F869255448B1008388DC /* TerrainBuildUtilityCoordinator.swift */; };
		1807F86E255448D7008388DC /* TerrainBuildUtilityViewController.swift in Sources */ = {isa = PBXBuildFile; fileRef = 1807F86D255448D7008388DC /* TerrainBuildUtilityViewController.swift */; };
		1808EBDF2553F60E00484BEC /* NSResponder.swift in Sources */ = {isa = PBXBuildFile; fileRef = 1808EBDE2553F60E00484BEC /* NSResponder.swift */; };
		1833177E257E1C74001CC0A3 /* FoliageUtilityTabViewController.swift in Sources */ = {isa = PBXBuildFile; fileRef = 1833177D257E1C74001CC0A3 /* FoliageUtilityTabViewController.swift */; };
		18331781257E1C84001CC0A3 /* FoliageInspectorViewController.swift in Sources */ = {isa = PBXBuildFile; fileRef = 18331780257E1C84001CC0A3 /* FoliageInspectorViewController.swift */; };
		18331785257E1CA0001CC0A3 /* FoliageBuildUtilityViewController.swift in Sources */ = {isa = PBXBuildFile; fileRef = 18331784257E1CA0001CC0A3 /* FoliageBuildUtilityViewController.swift */; };
		18331789257E1CAB001CC0A3 /* FoliagePaintUtilityViewController.swift in Sources */ = {isa = PBXBuildFile; fileRef = 18331788257E1CAB001CC0A3 /* FoliagePaintUtilityViewController.swift */; };
		1833178C257E1CB5001CC0A3 /* FoliageUtilityViewController.swift in Sources */ = {isa = PBXBuildFile; fileRef = 1833178B257E1CB5001CC0A3 /* FoliageUtilityViewController.swift */; };
		1833178F257E1CC5001CC0A3 /* FoliageInspectorCoordinator.swift in Sources */ = {isa = PBXBuildFile; fileRef = 1833178E257E1CC5001CC0A3 /* FoliageInspectorCoordinator.swift */; };
		18331792257E1CD8001CC0A3 /* FoliageUtilityTabViewCoordinator.swift in Sources */ = {isa = PBXBuildFile; fileRef = 18331791257E1CD8001CC0A3 /* FoliageUtilityTabViewCoordinator.swift */; };
		18331796257E1CE9001CC0A3 /* FoliageBuildUtilityCoordinator.swift in Sources */ = {isa = PBXBuildFile; fileRef = 18331795257E1CE9001CC0A3 /* FoliageBuildUtilityCoordinator.swift */; };
		18331799257E1CF5001CC0A3 /* FoliagePaintUtilityCoordinator.swift in Sources */ = {isa = PBXBuildFile; fileRef = 18331798257E1CF5001CC0A3 /* FoliagePaintUtilityCoordinator.swift */; };
		1833179C257E1CFD001CC0A3 /* FoliageUtilityCoordinator.swift in Sources */ = {isa = PBXBuildFile; fileRef = 1833179B257E1CFD001CC0A3 /* FoliageUtilityCoordinator.swift */; };
		183317A0257E20CE001CC0A3 /* NSStoryboard.swift in Sources */ = {isa = PBXBuildFile; fileRef = 1833179F257E20CE001CC0A3 /* NSStoryboard.swift */; };
		1851A16125557F850064539B /* TerrainPaintUtilityCoordinator.swift in Sources */ = {isa = PBXBuildFile; fileRef = 1851A16025557F850064539B /* TerrainPaintUtilityCoordinator.swift */; };
		1851A16425557F9B0064539B /* TerrainPaintUtilityViewController.swift in Sources */ = {isa = PBXBuildFile; fileRef = 1851A16325557F9B0064539B /* TerrainPaintUtilityViewController.swift */; };
		1859140A2558105A003618DB /* NumberStepper.swift in Sources */ = {isa = PBXBuildFile; fileRef = 185914092558105A003618DB /* NumberStepper.swift */; };
		185F87CC2556F71E008BFF30 /* CameraInspectorViewController.swift in Sources */ = {isa = PBXBuildFile; fileRef = 185F87CB2556F71E008BFF30 /* CameraInspectorViewController.swift */; };
		185F87CF2556F735008BFF30 /* CameraInspectorCoordinator.swift in Sources */ = {isa = PBXBuildFile; fileRef = 185F87CE2556F735008BFF30 /* CameraInspectorCoordinator.swift */; };
		185F87D32556FA84008BFF30 /* CoordinateView.swift in Sources */ = {isa = PBXBuildFile; fileRef = 185F87D22556FA84008BFF30 /* CoordinateView.swift */; };
		1870D16F2555434C00B39F8C /* TerrainInspectorViewController.swift in Sources */ = {isa = PBXBuildFile; fileRef = 1870D16E2555434C00B39F8C /* TerrainInspectorViewController.swift */; };
		1870D1722555437600B39F8C /* TerrainInspectorCoordinator.swift in Sources */ = {isa = PBXBuildFile; fileRef = 1870D1712555437600B39F8C /* TerrainInspectorCoordinator.swift */; };
		1870D1752555439900B39F8C /* SceneInspectorViewController.swift in Sources */ = {isa = PBXBuildFile; fileRef = 1870D1742555439900B39F8C /* SceneInspectorViewController.swift */; };
		1870D178255543AB00B39F8C /* SceneInspectorCoordinator.swift in Sources */ = {isa = PBXBuildFile; fileRef = 1870D177255543AB00B39F8C /* SceneInspectorCoordinator.swift */; };
		1874BF4A257F712A00976F82 /* Meadow in Frameworks */ = {isa = PBXBuildFile; productRef = 1874BF49257F712A00976F82 /* Meadow */; };
		189903642581232300958809 /* PortalInspectorViewController.swift in Sources */ = {isa = PBXBuildFile; fileRef = 189903632581232300958809 /* PortalInspectorViewController.swift */; };
		189903672581236500958809 /* PortalInspectorCoordinator.swift in Sources */ = {isa = PBXBuildFile; fileRef = 189903662581236500958809 /* PortalInspectorCoordinator.swift */; };
		189B9CE7257A599F00D00BC2 /* Inspectable.swift in Sources */ = {isa = PBXBuildFile; fileRef = 189B9CE6257A599F00D00BC2 /* Inspectable.swift */; };
		189B9CEB257A5D4600D00BC2 /* Inspector.swift in Sources */ = {isa = PBXBuildFile; fileRef = 189B9CEA257A5D4600D00BC2 /* Inspector.swift */; };
		18B5492C2578E5660014A93F /* FootpathUtilityViewController.swift in Sources */ = {isa = PBXBuildFile; fileRef = 18B5492B2578E5660014A93F /* FootpathUtilityViewController.swift */; };
		18B5492F2578E5C20014A93F /* FootpathBuildUtilityViewController.swift in Sources */ = {isa = PBXBuildFile; fileRef = 18B5492E2578E5C20014A93F /* FootpathBuildUtilityViewController.swift */; };
		18B549322578E5CF0014A93F /* FootpathPaintUtilityViewController.swift in Sources */ = {isa = PBXBuildFile; fileRef = 18B549312578E5CF0014A93F /* FootpathPaintUtilityViewController.swift */; };
		18B549362578E6630014A93F /* FootpathUtilityCoordinator.swift in Sources */ = {isa = PBXBuildFile; fileRef = 18B549352578E6630014A93F /* FootpathUtilityCoordinator.swift */; };
		18B5493A2578E66F0014A93F /* FootpathBuildUtilityCoordinator.swift in Sources */ = {isa = PBXBuildFile; fileRef = 18B549392578E66F0014A93F /* FootpathBuildUtilityCoordinator.swift */; };
		18B5493D2578E6770014A93F /* FootpathPaintUtilityCoordinator.swift in Sources */ = {isa = PBXBuildFile; fileRef = 18B5493C2578E6770014A93F /* FootpathPaintUtilityCoordinator.swift */; };
		18B549402578E6B40014A93F /* FootpathUtilityTabViewCoordinator.swift in Sources */ = {isa = PBXBuildFile; fileRef = 18B5493F2578E6B40014A93F /* FootpathUtilityTabViewCoordinator.swift */; };
		18B549432578E6DE0014A93F /* FootpathUtilityTabViewController.swift in Sources */ = {isa = PBXBuildFile; fileRef = 18B549422578E6DE0014A93F /* FootpathUtilityTabViewController.swift */; };
		18B634FD257F7DA5009C7429 /* AreaInspectorViewController.swift in Sources */ = {isa = PBXBuildFile; fileRef = 18B634FC257F7DA5009C7429 /* AreaInspectorViewController.swift */; };
		18B63500257F7DB3009C7429 /* PropsInspectorViewController.swift in Sources */ = {isa = PBXBuildFile; fileRef = 18B634FF257F7DB3009C7429 /* PropsInspectorViewController.swift */; };
		18B63503257F7DD5009C7429 /* AreaUtilityTabViewController.swift in Sources */ = {isa = PBXBuildFile; fileRef = 18B63502257F7DD5009C7429 /* AreaUtilityTabViewController.swift */; };
		18B63506257F7DDE009C7429 /* PropsUtilityTabViewController.swift in Sources */ = {isa = PBXBuildFile; fileRef = 18B63505257F7DDE009C7429 /* PropsUtilityTabViewController.swift */; };
		18B6350B257F7E28009C7429 /* PropsUtilityViewController.swift in Sources */ = {isa = PBXBuildFile; fileRef = 18B6350A257F7E28009C7429 /* PropsUtilityViewController.swift */; };
		18B6350F257F7E35009C7429 /* PropsBuildUtilityViewController.swift in Sources */ = {isa = PBXBuildFile; fileRef = 18B6350E257F7E35009C7429 /* PropsBuildUtilityViewController.swift */; };
		18B63512257F7E43009C7429 /* PropsPaintUtilityViewController.swift in Sources */ = {isa = PBXBuildFile; fileRef = 18B63511257F7E43009C7429 /* PropsPaintUtilityViewController.swift */; };
		18B63515257F7E4A009C7429 /* AreaUtilityViewController.swift in Sources */ = {isa = PBXBuildFile; fileRef = 18B63514257F7E4A009C7429 /* AreaUtilityViewController.swift */; };
		18B63518257F7E52009C7429 /* AreaBuildUtilityViewController.swift in Sources */ = {isa = PBXBuildFile; fileRef = 18B63517257F7E52009C7429 /* AreaBuildUtilityViewController.swift */; };
		18B6351B257F7E5A009C7429 /* AreaPaintUtilityViewController.swift in Sources */ = {isa = PBXBuildFile; fileRef = 18B6351A257F7E5A009C7429 /* AreaPaintUtilityViewController.swift */; };
		18B63520257F7EA7009C7429 /* AreaUtilityCoordinator.swift in Sources */ = {isa = PBXBuildFile; fileRef = 18B6351F257F7EA7009C7429 /* AreaUtilityCoordinator.swift */; };
		18B63524257F7EB0009C7429 /* AreaBuildUtilityCoordinator.swift in Sources */ = {isa = PBXBuildFile; fileRef = 18B63523257F7EB0009C7429 /* AreaBuildUtilityCoordinator.swift */; };
		18B63527257F7EB8009C7429 /* AreaPaintUtilityCoordinator.swift in Sources */ = {isa = PBXBuildFile; fileRef = 18B63526257F7EB8009C7429 /* AreaPaintUtilityCoordinator.swift */; };
		18B6352A257F7EC1009C7429 /* PropsUtilityCoordinator.swift in Sources */ = {isa = PBXBuildFile; fileRef = 18B63529257F7EC1009C7429 /* PropsUtilityCoordinator.swift */; };
		18B6352D257F7EC9009C7429 /* PropsBuildUtilityCoordinator.swift in Sources */ = {isa = PBXBuildFile; fileRef = 18B6352C257F7EC9009C7429 /* PropsBuildUtilityCoordinator.swift */; };
		18B63530257F7ED0009C7429 /* PropsPaintUtilityCoordinator.swift in Sources */ = {isa = PBXBuildFile; fileRef = 18B6352F257F7ED0009C7429 /* PropsPaintUtilityCoordinator.swift */; };
		18B63533257F7EDB009C7429 /* PropsUtilityTabViewCoordinator.swift in Sources */ = {isa = PBXBuildFile; fileRef = 18B63532257F7EDB009C7429 /* PropsUtilityTabViewCoordinator.swift */; };
		18B63536257F7EE4009C7429 /* AreaUtilityTabViewCoordinator.swift in Sources */ = {isa = PBXBuildFile; fileRef = 18B63535257F7EE4009C7429 /* AreaUtilityTabViewCoordinator.swift */; };
		18B63539257F7EF9009C7429 /* PropsInspectorCoordinator.swift in Sources */ = {isa = PBXBuildFile; fileRef = 18B63538257F7EF9009C7429 /* PropsInspectorCoordinator.swift */; };
		18B6353D257F7F01009C7429 /* AreaInspectorCoordinator.swift in Sources */ = {isa = PBXBuildFile; fileRef = 18B6353C257F7F01009C7429 /* AreaInspectorCoordinator.swift */; };
		18B94DB02578E0CA004FDE14 /* FootpathInspectorCoordinator.swift in Sources */ = {isa = PBXBuildFile; fileRef = 18B94DAF2578E0CA004FDE14 /* FootpathInspectorCoordinator.swift */; };
		18B94DB32578E0DD004FDE14 /* FootpathInspectorViewController.swift in Sources */ = {isa = PBXBuildFile; fileRef = 18B94DB22578E0DD004FDE14 /* FootpathInspectorViewController.swift */; };
		18D3A16725515D3A00031CA7 /* AppDelegate.swift in Sources */ = {isa = PBXBuildFile; fileRef = 18D3A16625515D3A00031CA7 /* AppDelegate.swift */; };
		18D3A16B25515D3A00031CA7 /* Document.swift in Sources */ = {isa = PBXBuildFile; fileRef = 18D3A16A25515D3A00031CA7 /* Document.swift */; };
		18D3A16D25515D3C00031CA7 /* Assets.xcassets in Resources */ = {isa = PBXBuildFile; fileRef = 18D3A16C25515D3C00031CA7 /* Assets.xcassets */; };
		18D3A17025515D3C00031CA7 /* Main.storyboard in Resources */ = {isa = PBXBuildFile; fileRef = 18D3A16E25515D3C00031CA7 /* Main.storyboard */; };
		18D3A1802551652000031CA7 /* WindowController.swift in Sources */ = {isa = PBXBuildFile; fileRef = 18D3A17F2551652000031CA7 /* WindowController.swift */; };
		18FB382C25516F5A0036CA95 /* WindowCoordinator.swift in Sources */ = {isa = PBXBuildFile; fileRef = 18FB382B25516F5A0036CA95 /* WindowCoordinator.swift */; };
		18FB382F2551752B0036CA95 /* Coordinator.swift in Sources */ = {isa = PBXBuildFile; fileRef = 18FB382E2551752B0036CA95 /* Coordinator.swift */; };
		18FB38352551778A0036CA95 /* SplitViewController.swift in Sources */ = {isa = PBXBuildFile; fileRef = 18FB38342551778A0036CA95 /* SplitViewController.swift */; };
		18FB383B255177AC0036CA95 /* SplitViewCoordinator.swift in Sources */ = {isa = PBXBuildFile; fileRef = 18FB383A255177AC0036CA95 /* SplitViewCoordinator.swift */; };
		18FB383F255178D30036CA95 /* SceneGraphViewController.swift in Sources */ = {isa = PBXBuildFile; fileRef = 18FB383E255178D30036CA95 /* SceneGraphViewController.swift */; };
		18FB3842255178ED0036CA95 /* SceneViewController.swift in Sources */ = {isa = PBXBuildFile; fileRef = 18FB3841255178ED0036CA95 /* SceneViewController.swift */; };
		18FB384B2551792E0036CA95 /* SceneCoordinator.swift in Sources */ = {isa = PBXBuildFile; fileRef = 18FB384A2551792E0036CA95 /* SceneCoordinator.swift */; };
		18FB384F255179380036CA95 /* SceneGraphCoordinator.swift in Sources */ = {isa = PBXBuildFile; fileRef = 18FB384E255179380036CA95 /* SceneGraphCoordinator.swift */; };
		18FE1EF3258129D100A6B3DD /* PortalUtilityTabViewController.swift in Sources */ = {isa = PBXBuildFile; fileRef = 18FE1EF2258129D100A6B3DD /* PortalUtilityTabViewController.swift */; };
		18FE1EF7258129F700A6B3DD /* PortalUtilityViewController.swift in Sources */ = {isa = PBXBuildFile; fileRef = 18FE1EF6258129F700A6B3DD /* PortalUtilityViewController.swift */; };
		18FE1EFB25812A0300A6B3DD /* PortalBuildUtilityViewController.swift in Sources */ = {isa = PBXBuildFile; fileRef = 18FE1EFA25812A0300A6B3DD /* PortalBuildUtilityViewController.swift */; };
		18FE1EFF25812A5F00A6B3DD /* PortalUtilityCoordinator.swift in Sources */ = {isa = PBXBuildFile; fileRef = 18FE1EFE25812A5F00A6B3DD /* PortalUtilityCoordinator.swift */; };
		18FE1F0325812A6A00A6B3DD /* PortalBuildUtilityCoordinator.swift in Sources */ = {isa = PBXBuildFile; fileRef = 18FE1F0225812A6A00A6B3DD /* PortalBuildUtilityCoordinator.swift */; };
		18FE1F0625812B3800A6B3DD /* PortalUtilityTabViewCoordinator.swift in Sources */ = {isa = PBXBuildFile; fileRef = 18FE1F0525812B3800A6B3DD /* PortalUtilityTabViewCoordinator.swift */; };
/* End PBXBuildFile section */

/* Begin PBXFileReference section */
		1807F829255426B0008388DC /* Inspector.storyboard */ = {isa = PBXFileReference; lastKnownFileType = file.storyboard; path = Inspector.storyboard; sourceTree = "<group>"; };
		1807F82C255426B9008388DC /* Utility.storyboard */ = {isa = PBXFileReference; lastKnownFileType = file.storyboard; path = Utility.storyboard; sourceTree = "<group>"; };
		1807F83225542878008388DC /* SidebarViewController.swift */ = {isa = PBXFileReference; lastKnownFileType = sourcecode.swift; path = SidebarViewController.swift; sourceTree = "<group>"; };
		1807F8372554289A008388DC /* SidebarCoordinator.swift */ = {isa = PBXFileReference; lastKnownFileType = sourcecode.swift; path = SidebarCoordinator.swift; sourceTree = "<group>"; };
		1807F83A25542955008388DC /* SidebarTabViewController.swift */ = {isa = PBXFileReference; lastKnownFileType = sourcecode.swift; path = SidebarTabViewController.swift; sourceTree = "<group>"; };
		1807F83D25542961008388DC /* InspectorTabViewController.swift */ = {isa = PBXFileReference; lastKnownFileType = sourcecode.swift; path = InspectorTabViewController.swift; sourceTree = "<group>"; };
		1807F84025542971008388DC /* UtilityTabViewController.swift */ = {isa = PBXFileReference; lastKnownFileType = sourcecode.swift; path = UtilityTabViewController.swift; sourceTree = "<group>"; };
		1807F844255429AA008388DC /* SidebarTabViewCoordinator.swift */ = {isa = PBXFileReference; lastKnownFileType = sourcecode.swift; path = SidebarTabViewCoordinator.swift; sourceTree = "<group>"; };
		1807F848255429B8008388DC /* InspectorTabViewCoordinator.swift */ = {isa = PBXFileReference; lastKnownFileType = sourcecode.swift; path = InspectorTabViewCoordinator.swift; sourceTree = "<group>"; };
		1807F84B255429C4008388DC /* UtilityTabViewCoordinator.swift */ = {isa = PBXFileReference; lastKnownFileType = sourcecode.swift; path = UtilityTabViewCoordinator.swift; sourceTree = "<group>"; };
		1807F85625542E50008388DC /* TerrainUtilityViewController.swift */ = {isa = PBXFileReference; lastKnownFileType = sourcecode.swift; path = TerrainUtilityViewController.swift; sourceTree = "<group>"; };
		1807F85925542E67008388DC /* TerrainUtilityCoordinator.swift */ = {isa = PBXFileReference; lastKnownFileType = sourcecode.swift; path = TerrainUtilityCoordinator.swift; sourceTree = "<group>"; };
		1807F862255446F4008388DC /* TerrainUtilityTabViewCoordinator.swift */ = {isa = PBXFileReference; lastKnownFileType = sourcecode.swift; path = TerrainUtilityTabViewCoordinator.swift; sourceTree = "<group>"; };
		1807F86525544717008388DC /* TerrainUtilityTabViewController.swift */ = {isa = PBXFileReference; lastKnownFileType = sourcecode.swift; path = TerrainUtilityTabViewController.swift; sourceTree = "<group>"; };
		1807F869255448B1008388DC /* TerrainBuildUtilityCoordinator.swift */ = {isa = PBXFileReference; lastKnownFileType = sourcecode.swift; path = TerrainBuildUtilityCoordinator.swift; sourceTree = "<group>"; };
		1807F86D255448D7008388DC /* TerrainBuildUtilityViewController.swift */ = {isa = PBXFileReference; lastKnownFileType = sourcecode.swift; path = TerrainBuildUtilityViewController.swift; sourceTree = "<group>"; };
		1808EBDE2553F60E00484BEC /* NSResponder.swift */ = {isa = PBXFileReference; lastKnownFileType = sourcecode.swift; path = NSResponder.swift; sourceTree = "<group>"; };
		1833177D257E1C74001CC0A3 /* FoliageUtilityTabViewController.swift */ = {isa = PBXFileReference; lastKnownFileType = sourcecode.swift; path = FoliageUtilityTabViewController.swift; sourceTree = "<group>"; };
		18331780257E1C84001CC0A3 /* FoliageInspectorViewController.swift */ = {isa = PBXFileReference; lastKnownFileType = sourcecode.swift; path = FoliageInspectorViewController.swift; sourceTree = "<group>"; };
		18331784257E1CA0001CC0A3 /* FoliageBuildUtilityViewController.swift */ = {isa = PBXFileReference; lastKnownFileType = sourcecode.swift; path = FoliageBuildUtilityViewController.swift; sourceTree = "<group>"; };
		18331788257E1CAB001CC0A3 /* FoliagePaintUtilityViewController.swift */ = {isa = PBXFileReference; lastKnownFileType = sourcecode.swift; path = FoliagePaintUtilityViewController.swift; sourceTree = "<group>"; };
		1833178B257E1CB5001CC0A3 /* FoliageUtilityViewController.swift */ = {isa = PBXFileReference; lastKnownFileType = sourcecode.swift; path = FoliageUtilityViewController.swift; sourceTree = "<group>"; };
		1833178E257E1CC5001CC0A3 /* FoliageInspectorCoordinator.swift */ = {isa = PBXFileReference; lastKnownFileType = sourcecode.swift; path = FoliageInspectorCoordinator.swift; sourceTree = "<group>"; };
		18331791257E1CD8001CC0A3 /* FoliageUtilityTabViewCoordinator.swift */ = {isa = PBXFileReference; lastKnownFileType = sourcecode.swift; path = FoliageUtilityTabViewCoordinator.swift; sourceTree = "<group>"; };
		18331795257E1CE9001CC0A3 /* FoliageBuildUtilityCoordinator.swift */ = {isa = PBXFileReference; lastKnownFileType = sourcecode.swift; path = FoliageBuildUtilityCoordinator.swift; sourceTree = "<group>"; };
		18331798257E1CF5001CC0A3 /* FoliagePaintUtilityCoordinator.swift */ = {isa = PBXFileReference; lastKnownFileType = sourcecode.swift; path = FoliagePaintUtilityCoordinator.swift; sourceTree = "<group>"; };
		1833179B257E1CFD001CC0A3 /* FoliageUtilityCoordinator.swift */ = {isa = PBXFileReference; lastKnownFileType = sourcecode.swift; path = FoliageUtilityCoordinator.swift; sourceTree = "<group>"; };
		1833179F257E20CE001CC0A3 /* NSStoryboard.swift */ = {isa = PBXFileReference; lastKnownFileType = sourcecode.swift; path = NSStoryboard.swift; sourceTree = "<group>"; };
		1851A16025557F850064539B /* TerrainPaintUtilityCoordinator.swift */ = {isa = PBXFileReference; lastKnownFileType = sourcecode.swift; path = TerrainPaintUtilityCoordinator.swift; sourceTree = "<group>"; };
		1851A16325557F9B0064539B /* TerrainPaintUtilityViewController.swift */ = {isa = PBXFileReference; lastKnownFileType = sourcecode.swift; path = TerrainPaintUtilityViewController.swift; sourceTree = "<group>"; };
		185914092558105A003618DB /* NumberStepper.swift */ = {isa = PBXFileReference; lastKnownFileType = sourcecode.swift; path = NumberStepper.swift; sourceTree = "<group>"; };
		185F87CB2556F71E008BFF30 /* CameraInspectorViewController.swift */ = {isa = PBXFileReference; lastKnownFileType = sourcecode.swift; path = CameraInspectorViewController.swift; sourceTree = "<group>"; };
		185F87CE2556F735008BFF30 /* CameraInspectorCoordinator.swift */ = {isa = PBXFileReference; lastKnownFileType = sourcecode.swift; path = CameraInspectorCoordinator.swift; sourceTree = "<group>"; };
		185F87D22556FA84008BFF30 /* CoordinateView.swift */ = {isa = PBXFileReference; lastKnownFileType = sourcecode.swift; path = CoordinateView.swift; sourceTree = "<group>"; };
		1870D16E2555434C00B39F8C /* TerrainInspectorViewController.swift */ = {isa = PBXFileReference; lastKnownFileType = sourcecode.swift; path = TerrainInspectorViewController.swift; sourceTree = "<group>"; };
		1870D1712555437600B39F8C /* TerrainInspectorCoordinator.swift */ = {isa = PBXFileReference; lastKnownFileType = sourcecode.swift; path = TerrainInspectorCoordinator.swift; sourceTree = "<group>"; };
		1870D1742555439900B39F8C /* SceneInspectorViewController.swift */ = {isa = PBXFileReference; lastKnownFileType = sourcecode.swift; path = SceneInspectorViewController.swift; sourceTree = "<group>"; };
		1870D177255543AB00B39F8C /* SceneInspectorCoordinator.swift */ = {isa = PBXFileReference; lastKnownFileType = sourcecode.swift; path = SceneInspectorCoordinator.swift; sourceTree = "<group>"; };
		1874BF45257F710200976F82 /* Meadow */ = {isa = PBXFileReference; lastKnownFileType = folder; name = Meadow; path = ../Meadow; sourceTree = "<group>"; };
		189903632581232300958809 /* PortalInspectorViewController.swift */ = {isa = PBXFileReference; lastKnownFileType = sourcecode.swift; path = PortalInspectorViewController.swift; sourceTree = "<group>"; };
		189903662581236500958809 /* PortalInspectorCoordinator.swift */ = {isa = PBXFileReference; lastKnownFileType = sourcecode.swift; path = PortalInspectorCoordinator.swift; sourceTree = "<group>"; };
		189B9CE6257A599F00D00BC2 /* Inspectable.swift */ = {isa = PBXFileReference; lastKnownFileType = sourcecode.swift; path = Inspectable.swift; sourceTree = "<group>"; };
		189B9CEA257A5D4600D00BC2 /* Inspector.swift */ = {isa = PBXFileReference; lastKnownFileType = sourcecode.swift; path = Inspector.swift; sourceTree = "<group>"; };
		18B5492B2578E5660014A93F /* FootpathUtilityViewController.swift */ = {isa = PBXFileReference; lastKnownFileType = sourcecode.swift; path = FootpathUtilityViewController.swift; sourceTree = "<group>"; };
		18B5492E2578E5C20014A93F /* FootpathBuildUtilityViewController.swift */ = {isa = PBXFileReference; lastKnownFileType = sourcecode.swift; path = FootpathBuildUtilityViewController.swift; sourceTree = "<group>"; };
		18B549312578E5CF0014A93F /* FootpathPaintUtilityViewController.swift */ = {isa = PBXFileReference; lastKnownFileType = sourcecode.swift; path = FootpathPaintUtilityViewController.swift; sourceTree = "<group>"; };
		18B549352578E6630014A93F /* FootpathUtilityCoordinator.swift */ = {isa = PBXFileReference; lastKnownFileType = sourcecode.swift; path = FootpathUtilityCoordinator.swift; sourceTree = "<group>"; };
		18B549392578E66F0014A93F /* FootpathBuildUtilityCoordinator.swift */ = {isa = PBXFileReference; lastKnownFileType = sourcecode.swift; path = FootpathBuildUtilityCoordinator.swift; sourceTree = "<group>"; };
		18B5493C2578E6770014A93F /* FootpathPaintUtilityCoordinator.swift */ = {isa = PBXFileReference; lastKnownFileType = sourcecode.swift; path = FootpathPaintUtilityCoordinator.swift; sourceTree = "<group>"; };
		18B5493F2578E6B40014A93F /* FootpathUtilityTabViewCoordinator.swift */ = {isa = PBXFileReference; lastKnownFileType = sourcecode.swift; path = FootpathUtilityTabViewCoordinator.swift; sourceTree = "<group>"; };
		18B549422578E6DE0014A93F /* FootpathUtilityTabViewController.swift */ = {isa = PBXFileReference; lastKnownFileType = sourcecode.swift; path = FootpathUtilityTabViewController.swift; sourceTree = "<group>"; };
		18B634FC257F7DA5009C7429 /* AreaInspectorViewController.swift */ = {isa = PBXFileReference; lastKnownFileType = sourcecode.swift; path = AreaInspectorViewController.swift; sourceTree = "<group>"; };
		18B634FF257F7DB3009C7429 /* PropsInspectorViewController.swift */ = {isa = PBXFileReference; lastKnownFileType = sourcecode.swift; path = PropsInspectorViewController.swift; sourceTree = "<group>"; };
		18B63502257F7DD5009C7429 /* AreaUtilityTabViewController.swift */ = {isa = PBXFileReference; lastKnownFileType = sourcecode.swift; path = AreaUtilityTabViewController.swift; sourceTree = "<group>"; };
		18B63505257F7DDE009C7429 /* PropsUtilityTabViewController.swift */ = {isa = PBXFileReference; lastKnownFileType = sourcecode.swift; path = PropsUtilityTabViewController.swift; sourceTree = "<group>"; };
		18B6350A257F7E28009C7429 /* PropsUtilityViewController.swift */ = {isa = PBXFileReference; lastKnownFileType = sourcecode.swift; path = PropsUtilityViewController.swift; sourceTree = "<group>"; };
		18B6350E257F7E35009C7429 /* PropsBuildUtilityViewController.swift */ = {isa = PBXFileReference; lastKnownFileType = sourcecode.swift; path = PropsBuildUtilityViewController.swift; sourceTree = "<group>"; };
		18B63511257F7E43009C7429 /* PropsPaintUtilityViewController.swift */ = {isa = PBXFileReference; lastKnownFileType = sourcecode.swift; path = PropsPaintUtilityViewController.swift; sourceTree = "<group>"; };
		18B63514257F7E4A009C7429 /* AreaUtilityViewController.swift */ = {isa = PBXFileReference; lastKnownFileType = sourcecode.swift; path = AreaUtilityViewController.swift; sourceTree = "<group>"; };
		18B63517257F7E52009C7429 /* AreaBuildUtilityViewController.swift */ = {isa = PBXFileReference; lastKnownFileType = sourcecode.swift; path = AreaBuildUtilityViewController.swift; sourceTree = "<group>"; };
		18B6351A257F7E5A009C7429 /* AreaPaintUtilityViewController.swift */ = {isa = PBXFileReference; lastKnownFileType = sourcecode.swift; path = AreaPaintUtilityViewController.swift; sourceTree = "<group>"; };
		18B6351F257F7EA7009C7429 /* AreaUtilityCoordinator.swift */ = {isa = PBXFileReference; lastKnownFileType = sourcecode.swift; path = AreaUtilityCoordinator.swift; sourceTree = "<group>"; };
		18B63523257F7EB0009C7429 /* AreaBuildUtilityCoordinator.swift */ = {isa = PBXFileReference; lastKnownFileType = sourcecode.swift; path = AreaBuildUtilityCoordinator.swift; sourceTree = "<group>"; };
		18B63526257F7EB8009C7429 /* AreaPaintUtilityCoordinator.swift */ = {isa = PBXFileReference; lastKnownFileType = sourcecode.swift; path = AreaPaintUtilityCoordinator.swift; sourceTree = "<group>"; };
		18B63529257F7EC1009C7429 /* PropsUtilityCoordinator.swift */ = {isa = PBXFileReference; lastKnownFileType = sourcecode.swift; path = PropsUtilityCoordinator.swift; sourceTree = "<group>"; };
		18B6352C257F7EC9009C7429 /* PropsBuildUtilityCoordinator.swift */ = {isa = PBXFileReference; lastKnownFileType = sourcecode.swift; path = PropsBuildUtilityCoordinator.swift; sourceTree = "<group>"; };
		18B6352F257F7ED0009C7429 /* PropsPaintUtilityCoordinator.swift */ = {isa = PBXFileReference; lastKnownFileType = sourcecode.swift; path = PropsPaintUtilityCoordinator.swift; sourceTree = "<group>"; };
		18B63532257F7EDB009C7429 /* PropsUtilityTabViewCoordinator.swift */ = {isa = PBXFileReference; lastKnownFileType = sourcecode.swift; path = PropsUtilityTabViewCoordinator.swift; sourceTree = "<group>"; };
		18B63535257F7EE4009C7429 /* AreaUtilityTabViewCoordinator.swift */ = {isa = PBXFileReference; lastKnownFileType = sourcecode.swift; path = AreaUtilityTabViewCoordinator.swift; sourceTree = "<group>"; };
		18B63538257F7EF9009C7429 /* PropsInspectorCoordinator.swift */ = {isa = PBXFileReference; lastKnownFileType = sourcecode.swift; path = PropsInspectorCoordinator.swift; sourceTree = "<group>"; };
		18B6353C257F7F01009C7429 /* AreaInspectorCoordinator.swift */ = {isa = PBXFileReference; lastKnownFileType = sourcecode.swift; path = AreaInspectorCoordinator.swift; sourceTree = "<group>"; };
		18B94DAF2578E0CA004FDE14 /* FootpathInspectorCoordinator.swift */ = {isa = PBXFileReference; lastKnownFileType = sourcecode.swift; path = FootpathInspectorCoordinator.swift; sourceTree = "<group>"; };
		18B94DB22578E0DD004FDE14 /* FootpathInspectorViewController.swift */ = {isa = PBXFileReference; lastKnownFileType = sourcecode.swift; path = FootpathInspectorViewController.swift; sourceTree = "<group>"; };
		18D3A16325515D3A00031CA7 /* Orchard.app */ = {isa = PBXFileReference; explicitFileType = wrapper.application; includeInIndex = 0; path = Orchard.app; sourceTree = BUILT_PRODUCTS_DIR; };
		18D3A16625515D3A00031CA7 /* AppDelegate.swift */ = {isa = PBXFileReference; lastKnownFileType = sourcecode.swift; path = AppDelegate.swift; sourceTree = "<group>"; };
		18D3A16A25515D3A00031CA7 /* Document.swift */ = {isa = PBXFileReference; lastKnownFileType = sourcecode.swift; path = Document.swift; sourceTree = "<group>"; };
		18D3A16C25515D3C00031CA7 /* Assets.xcassets */ = {isa = PBXFileReference; lastKnownFileType = folder.assetcatalog; path = Assets.xcassets; sourceTree = "<group>"; };
		18D3A16F25515D3C00031CA7 /* Base */ = {isa = PBXFileReference; lastKnownFileType = file.storyboard; name = Base; path = Base.lproj/Main.storyboard; sourceTree = "<group>"; };
		18D3A17125515D3C00031CA7 /* Info.plist */ = {isa = PBXFileReference; lastKnownFileType = text.plist.xml; path = Info.plist; sourceTree = "<group>"; };
		18D3A17225515D3C00031CA7 /* Orchard.entitlements */ = {isa = PBXFileReference; lastKnownFileType = text.plist.entitlements; path = Orchard.entitlements; sourceTree = "<group>"; };
		18D3A17F2551652000031CA7 /* WindowController.swift */ = {isa = PBXFileReference; lastKnownFileType = sourcecode.swift; path = WindowController.swift; sourceTree = "<group>"; };
		18FB382B25516F5A0036CA95 /* WindowCoordinator.swift */ = {isa = PBXFileReference; lastKnownFileType = sourcecode.swift; path = WindowCoordinator.swift; sourceTree = "<group>"; };
		18FB382E2551752B0036CA95 /* Coordinator.swift */ = {isa = PBXFileReference; fileEncoding = 4; lastKnownFileType = sourcecode.swift; path = Coordinator.swift; sourceTree = "<group>"; };
		18FB38342551778A0036CA95 /* SplitViewController.swift */ = {isa = PBXFileReference; lastKnownFileType = sourcecode.swift; path = SplitViewController.swift; sourceTree = "<group>"; };
		18FB383A255177AC0036CA95 /* SplitViewCoordinator.swift */ = {isa = PBXFileReference; lastKnownFileType = sourcecode.swift; path = SplitViewCoordinator.swift; sourceTree = "<group>"; };
		18FB383E255178D30036CA95 /* SceneGraphViewController.swift */ = {isa = PBXFileReference; lastKnownFileType = sourcecode.swift; path = SceneGraphViewController.swift; sourceTree = "<group>"; };
		18FB3841255178ED0036CA95 /* SceneViewController.swift */ = {isa = PBXFileReference; lastKnownFileType = sourcecode.swift; path = SceneViewController.swift; sourceTree = "<group>"; };
		18FB384A2551792E0036CA95 /* SceneCoordinator.swift */ = {isa = PBXFileReference; lastKnownFileType = sourcecode.swift; path = SceneCoordinator.swift; sourceTree = "<group>"; };
		18FB384E255179380036CA95 /* SceneGraphCoordinator.swift */ = {isa = PBXFileReference; lastKnownFileType = sourcecode.swift; path = SceneGraphCoordinator.swift; sourceTree = "<group>"; };
		18FE1EF2258129D100A6B3DD /* PortalUtilityTabViewController.swift */ = {isa = PBXFileReference; lastKnownFileType = sourcecode.swift; path = PortalUtilityTabViewController.swift; sourceTree = "<group>"; };
		18FE1EF6258129F700A6B3DD /* PortalUtilityViewController.swift */ = {isa = PBXFileReference; lastKnownFileType = sourcecode.swift; path = PortalUtilityViewController.swift; sourceTree = "<group>"; };
		18FE1EFA25812A0300A6B3DD /* PortalBuildUtilityViewController.swift */ = {isa = PBXFileReference; lastKnownFileType = sourcecode.swift; path = PortalBuildUtilityViewController.swift; sourceTree = "<group>"; };
		18FE1EFE25812A5F00A6B3DD /* PortalUtilityCoordinator.swift */ = {isa = PBXFileReference; lastKnownFileType = sourcecode.swift; path = PortalUtilityCoordinator.swift; sourceTree = "<group>"; };
		18FE1F0225812A6A00A6B3DD /* PortalBuildUtilityCoordinator.swift */ = {isa = PBXFileReference; lastKnownFileType = sourcecode.swift; path = PortalBuildUtilityCoordinator.swift; sourceTree = "<group>"; };
		18FE1F0525812B3800A6B3DD /* PortalUtilityTabViewCoordinator.swift */ = {isa = PBXFileReference; lastKnownFileType = sourcecode.swift; path = PortalUtilityTabViewCoordinator.swift; sourceTree = "<group>"; };
/* End PBXFileReference section */

/* Begin PBXFrameworksBuildPhase section */
		18D3A16025515D3A00031CA7 /* Frameworks */ = {
			isa = PBXFrameworksBuildPhase;
			buildActionMask = 2147483647;
			files = (
				1874BF4A257F712A00976F82 /* Meadow in Frameworks */,
			);
			runOnlyForDeploymentPostprocessing = 0;
		};
/* End PBXFrameworksBuildPhase section */

/* Begin PBXGroup section */
		1807F82F255427DF008388DC /* Tab View */ = {
			isa = PBXGroup;
			children = (
				18B63502257F7DD5009C7429 /* AreaUtilityTabViewController.swift */,
				1833177D257E1C74001CC0A3 /* FoliageUtilityTabViewController.swift */,
				18B549422578E6DE0014A93F /* FootpathUtilityTabViewController.swift */,
				1807F83D25542961008388DC /* InspectorTabViewController.swift */,
				18B63505257F7DDE009C7429 /* PropsUtilityTabViewController.swift */,
				1807F83A25542955008388DC /* SidebarTabViewController.swift */,
				1807F86525544717008388DC /* TerrainUtilityTabViewController.swift */,
				1807F84025542971008388DC /* UtilityTabViewController.swift */,
				18FE1EF2258129D100A6B3DD /* PortalUtilityTabViewController.swift */,
			);
			path = "Tab View";
			sourceTree = "<group>";
		};
		1807F83125542860008388DC /* Sidebar */ = {
			isa = PBXGroup;
			children = (
				1807F83225542878008388DC /* SidebarViewController.swift */,
			);
			path = Sidebar;
			sourceTree = "<group>";
		};
		1807F83625542891008388DC /* Sidebar */ = {
			isa = PBXGroup;
			children = (
				1807F8372554289A008388DC /* SidebarCoordinator.swift */,
			);
			path = Sidebar;
			sourceTree = "<group>";
		};
		1807F84325542998008388DC /* Tab View */ = {
			isa = PBXGroup;
			children = (
				18B63535257F7EE4009C7429 /* AreaUtilityTabViewCoordinator.swift */,
				18331791257E1CD8001CC0A3 /* FoliageUtilityTabViewCoordinator.swift */,
				18B5493F2578E6B40014A93F /* FootpathUtilityTabViewCoordinator.swift */,
				1807F848255429B8008388DC /* InspectorTabViewCoordinator.swift */,
				18B63532257F7EDB009C7429 /* PropsUtilityTabViewCoordinator.swift */,
				1807F844255429AA008388DC /* SidebarTabViewCoordinator.swift */,
				1807F862255446F4008388DC /* TerrainUtilityTabViewCoordinator.swift */,
				1807F84B255429C4008388DC /* UtilityTabViewCoordinator.swift */,
				18FE1F0525812B3800A6B3DD /* PortalUtilityTabViewCoordinator.swift */,
			);
			path = "Tab View";
			sourceTree = "<group>";
		};
		1807F85125542DE9008388DC /* Inspector */ = {
			isa = PBXGroup;
			children = (
				18B634FC257F7DA5009C7429 /* AreaInspectorViewController.swift */,
				185F87CB2556F71E008BFF30 /* CameraInspectorViewController.swift */,
				18331780257E1C84001CC0A3 /* FoliageInspectorViewController.swift */,
				18B94DB22578E0DD004FDE14 /* FootpathInspectorViewController.swift */,
				18B634FF257F7DB3009C7429 /* PropsInspectorViewController.swift */,
				1870D1742555439900B39F8C /* SceneInspectorViewController.swift */,
				1870D16E2555434C00B39F8C /* TerrainInspectorViewController.swift */,
				189903632581232300958809 /* PortalInspectorViewController.swift */,
			);
			path = Inspector;
			sourceTree = "<group>";
		};
		1807F85225542DEE008388DC /* Utility */ = {
			isa = PBXGroup;
			children = (
				18FE1EF5258129E500A6B3DD /* Portals */,
				18B63508257F7E0D009C7429 /* Area */,
				18331783257E1C91001CC0A3 /* Foliage */,
				18B5492A2578E5500014A93F /* Footpath */,
				18B63509257F7E11009C7429 /* Props */,
				1807F85525542E40008388DC /* Terrain */,
			);
			path = Utility;
			sourceTree = "<group>";
		};
		1807F85325542DF3008388DC /* Inspector */ = {
			isa = PBXGroup;
			children = (
				18B6353C257F7F01009C7429 /* AreaInspectorCoordinator.swift */,
				185F87CE2556F735008BFF30 /* CameraInspectorCoordinator.swift */,
				1833178E257E1CC5001CC0A3 /* FoliageInspectorCoordinator.swift */,
				18B94DAF2578E0CA004FDE14 /* FootpathInspectorCoordinator.swift */,
				18B63538257F7EF9009C7429 /* PropsInspectorCoordinator.swift */,
				1870D177255543AB00B39F8C /* SceneInspectorCoordinator.swift */,
				1870D1712555437600B39F8C /* TerrainInspectorCoordinator.swift */,
				189903662581236500958809 /* PortalInspectorCoordinator.swift */,
			);
			path = Inspector;
			sourceTree = "<group>";
		};
		1807F85425542DF8008388DC /* Utility */ = {
			isa = PBXGroup;
			children = (
				18FE1EFD25812A4D00A6B3DD /* Portals */,
				18B6351D257F7E88009C7429 /* Area */,
				18331794257E1CDC001CC0A3 /* Foliage */,
				18B549342578E6520014A93F /* Footpath */,
				18B6351E257F7E8B009C7429 /* Props */,
				1807F86825544894008388DC /* Terrain */,
			);
			path = Utility;
			sourceTree = "<group>";
		};
		1807F85525542E40008388DC /* Terrain */ = {
			isa = PBXGroup;
			children = (
				1807F85625542E50008388DC /* TerrainUtilityViewController.swift */,
				1807F86D255448D7008388DC /* TerrainBuildUtilityViewController.swift */,
				1851A16325557F9B0064539B /* TerrainPaintUtilityViewController.swift */,
			);
			path = Terrain;
			sourceTree = "<group>";
		};
		1807F86825544894008388DC /* Terrain */ = {
			isa = PBXGroup;
			children = (
				1807F85925542E67008388DC /* TerrainUtilityCoordinator.swift */,
				1807F869255448B1008388DC /* TerrainBuildUtilityCoordinator.swift */,
				1851A16025557F850064539B /* TerrainPaintUtilityCoordinator.swift */,
			);
			path = Terrain;
			sourceTree = "<group>";
		};
		181002612551951800FFE101 /* Supporting Files */ = {
			isa = PBXGroup;
			children = (
				18D3A17125515D3C00031CA7 /* Info.plist */,
				18D3A17225515D3C00031CA7 /* Orchard.entitlements */,
			);
			path = "Supporting Files";
			sourceTree = "<group>";
		};
		18331783257E1C91001CC0A3 /* Foliage */ = {
			isa = PBXGroup;
			children = (
				18331784257E1CA0001CC0A3 /* FoliageBuildUtilityViewController.swift */,
				18331788257E1CAB001CC0A3 /* FoliagePaintUtilityViewController.swift */,
				1833178B257E1CB5001CC0A3 /* FoliageUtilityViewController.swift */,
			);
			path = Foliage;
			sourceTree = "<group>";
		};
		18331794257E1CDC001CC0A3 /* Foliage */ = {
			isa = PBXGroup;
			children = (
				18331795257E1CE9001CC0A3 /* FoliageBuildUtilityCoordinator.swift */,
				18331798257E1CF5001CC0A3 /* FoliagePaintUtilityCoordinator.swift */,
				1833179B257E1CFD001CC0A3 /* FoliageUtilityCoordinator.swift */,
			);
			path = Foliage;
			sourceTree = "<group>";
		};
		1859140825581048003618DB /* NumberStepper */ = {
			isa = PBXGroup;
			children = (
				185914092558105A003618DB /* NumberStepper.swift */,
			);
			path = NumberStepper;
			sourceTree = "<group>";
		};
		185F87D12556FA51008BFF30 /* Views */ = {
			isa = PBXGroup;
			children = (
				185F87D62556FA87008BFF30 /* Coordinate View */,
				1859140825581048003618DB /* NumberStepper */,
			);
			path = Views;
			sourceTree = "<group>";
		};
		185F87D62556FA87008BFF30 /* Coordinate View */ = {
			isa = PBXGroup;
			children = (
				185F87D22556FA84008BFF30 /* CoordinateView.swift */,
			);
			path = "Coordinate View";
			sourceTree = "<group>";
		};
		1874BF48257F712A00976F82 /* Frameworks */ = {
			isa = PBXGroup;
			children = (
			);
			name = Frameworks;
			sourceTree = "<group>";
		};
		189B9CE5257A595200D00BC2 /* Inspectable */ = {
			isa = PBXGroup;
			children = (
				189B9CE6257A599F00D00BC2 /* Inspectable.swift */,
				189B9CEA257A5D4600D00BC2 /* Inspector.swift */,
			);
			path = Inspectable;
			sourceTree = "<group>";
		};
		18B5492A2578E5500014A93F /* Footpath */ = {
			isa = PBXGroup;
			children = (
				18B5492B2578E5660014A93F /* FootpathUtilityViewController.swift */,
				18B5492E2578E5C20014A93F /* FootpathBuildUtilityViewController.swift */,
				18B549312578E5CF0014A93F /* FootpathPaintUtilityViewController.swift */,
			);
			path = Footpath;
			sourceTree = "<group>";
		};
		18B549342578E6520014A93F /* Footpath */ = {
			isa = PBXGroup;
			children = (
				18B549352578E6630014A93F /* FootpathUtilityCoordinator.swift */,
				18B549392578E66F0014A93F /* FootpathBuildUtilityCoordinator.swift */,
				18B5493C2578E6770014A93F /* FootpathPaintUtilityCoordinator.swift */,
			);
			path = Footpath;
			sourceTree = "<group>";
		};
		18B63508257F7E0D009C7429 /* Area */ = {
			isa = PBXGroup;
			children = (
				18B63514257F7E4A009C7429 /* AreaUtilityViewController.swift */,
				18B63517257F7E52009C7429 /* AreaBuildUtilityViewController.swift */,
				18B6351A257F7E5A009C7429 /* AreaPaintUtilityViewController.swift */,
			);
			path = Area;
			sourceTree = "<group>";
		};
		18B63509257F7E11009C7429 /* Props */ = {
			isa = PBXGroup;
			children = (
				18B6350A257F7E28009C7429 /* PropsUtilityViewController.swift */,
				18B6350E257F7E35009C7429 /* PropsBuildUtilityViewController.swift */,
				18B63511257F7E43009C7429 /* PropsPaintUtilityViewController.swift */,
			);
			path = Props;
			sourceTree = "<group>";
		};
		18B6351D257F7E88009C7429 /* Area */ = {
			isa = PBXGroup;
			children = (
				18B6351F257F7EA7009C7429 /* AreaUtilityCoordinator.swift */,
				18B63523257F7EB0009C7429 /* AreaBuildUtilityCoordinator.swift */,
				18B63526257F7EB8009C7429 /* AreaPaintUtilityCoordinator.swift */,
			);
			path = Area;
			sourceTree = "<group>";
		};
		18B6351E257F7E8B009C7429 /* Props */ = {
			isa = PBXGroup;
			children = (
				18B63529257F7EC1009C7429 /* PropsUtilityCoordinator.swift */,
				18B6352C257F7EC9009C7429 /* PropsBuildUtilityCoordinator.swift */,
				18B6352F257F7ED0009C7429 /* PropsPaintUtilityCoordinator.swift */,
			);
			path = Props;
			sourceTree = "<group>";
		};
		18D3A15A25515D3A00031CA7 = {
			isa = PBXGroup;
			children = (
				1874BF45257F710200976F82 /* Meadow */,
				18D3A16525515D3A00031CA7 /* Orchard */,
				18D3A16425515D3A00031CA7 /* Products */,
				1874BF48257F712A00976F82 /* Frameworks */,
			);
			sourceTree = "<group>";
		};
		18D3A16425515D3A00031CA7 /* Products */ = {
			isa = PBXGroup;
			children = (
				18D3A16325515D3A00031CA7 /* Orchard.app */,
			);
			name = Products;
			sourceTree = "<group>";
		};
		18D3A16525515D3A00031CA7 /* Orchard */ = {
			isa = PBXGroup;
			children = (
				18D3A16625515D3A00031CA7 /* AppDelegate.swift */,
				18D3A16C25515D3C00031CA7 /* Assets.xcassets */,
				18D3A17E2551650800031CA7 /* Controllers */,
				18FB3825255167790036CA95 /* Coordinators */,
				18FB382A255167B40036CA95 /* Document */,
				18F4F5DA2552BC74007AC940 /* Extensions */,
				189B9CE5257A595200D00BC2 /* Inspectable */,
				18FB38242551674F0036CA95 /* Storyboards */,
				181002612551951800FFE101 /* Supporting Files */,
				185F87D12556FA51008BFF30 /* Views */,
			);
			path = Orchard;
			sourceTree = "<group>";
		};
		18D3A17E2551650800031CA7 /* Controllers */ = {
			isa = PBXGroup;
			children = (
				1807F85125542DE9008388DC /* Inspector */,
				18FB3828255167940036CA95 /* Scene */,
				18FB38272551678D0036CA95 /* Scene Graph */,
				1807F83125542860008388DC /* Sidebar */,
				18FB38332551777B0036CA95 /* Split View */,
				1807F82F255427DF008388DC /* Tab View */,
				1807F85225542DEE008388DC /* Utility */,
				18FB3826255167850036CA95 /* Window */,
			);
			path = Controllers;
			sourceTree = "<group>";
		};
		18F4F5DA2552BC74007AC940 /* Extensions */ = {
			isa = PBXGroup;
			children = (
				1808EBDE2553F60E00484BEC /* NSResponder.swift */,
				1833179F257E20CE001CC0A3 /* NSStoryboard.swift */,
			);
			path = Extensions;
			sourceTree = "<group>";
		};
		18FB38242551674F0036CA95 /* Storyboards */ = {
			isa = PBXGroup;
			children = (
				18D3A16E25515D3C00031CA7 /* Main.storyboard */,
				1807F829255426B0008388DC /* Inspector.storyboard */,
				1807F82C255426B9008388DC /* Utility.storyboard */,
			);
			path = Storyboards;
			sourceTree = "<group>";
		};
		18FB3825255167790036CA95 /* Coordinators */ = {
			isa = PBXGroup;
			children = (
				18FB38312551752E0036CA95 /* Coordinator */,
				1807F85325542DF3008388DC /* Inspector */,
				18FB3847255179160036CA95 /* Scene */,
				18FB38482551791C0036CA95 /* Scene Graph */,
				1807F83625542891008388DC /* Sidebar */,
				18FB3839255177A20036CA95 /* Split View */,
				1807F84325542998008388DC /* Tab View */,
				1807F85425542DF8008388DC /* Utility */,
				18FB38382551779C0036CA95 /* Window */,
			);
			path = Coordinators;
			sourceTree = "<group>";
		};
		18FB3826255167850036CA95 /* Window */ = {
			isa = PBXGroup;
			children = (
				18D3A17F2551652000031CA7 /* WindowController.swift */,
			);
			path = Window;
			sourceTree = "<group>";
		};
		18FB38272551678D0036CA95 /* Scene Graph */ = {
			isa = PBXGroup;
			children = (
				18FB383E255178D30036CA95 /* SceneGraphViewController.swift */,
			);
			path = "Scene Graph";
			sourceTree = "<group>";
		};
		18FB3828255167940036CA95 /* Scene */ = {
			isa = PBXGroup;
			children = (
				18FB3841255178ED0036CA95 /* SceneViewController.swift */,
			);
			path = Scene;
			sourceTree = "<group>";
		};
		18FB382A255167B40036CA95 /* Document */ = {
			isa = PBXGroup;
			children = (
				18D3A16A25515D3A00031CA7 /* Document.swift */,
			);
			path = Document;
			sourceTree = "<group>";
		};
		18FB38312551752E0036CA95 /* Coordinator */ = {
			isa = PBXGroup;
			children = (
				18FB382E2551752B0036CA95 /* Coordinator.swift */,
			);
			path = Coordinator;
			sourceTree = "<group>";
		};
		18FB38332551777B0036CA95 /* Split View */ = {
			isa = PBXGroup;
			children = (
				18FB38342551778A0036CA95 /* SplitViewController.swift */,
			);
			path = "Split View";
			sourceTree = "<group>";
		};
		18FB38382551779C0036CA95 /* Window */ = {
			isa = PBXGroup;
			children = (
				18FB382B25516F5A0036CA95 /* WindowCoordinator.swift */,
			);
			path = Window;
			sourceTree = "<group>";
		};
		18FB3839255177A20036CA95 /* Split View */ = {
			isa = PBXGroup;
			children = (
				18FB383A255177AC0036CA95 /* SplitViewCoordinator.swift */,
			);
			path = "Split View";
			sourceTree = "<group>";
		};
		18FB3847255179160036CA95 /* Scene */ = {
			isa = PBXGroup;
			children = (
				18FB384A2551792E0036CA95 /* SceneCoordinator.swift */,
			);
			path = Scene;
			sourceTree = "<group>";
		};
		18FB38482551791C0036CA95 /* Scene Graph */ = {
			isa = PBXGroup;
			children = (
				18FB384E255179380036CA95 /* SceneGraphCoordinator.swift */,
			);
			path = "Scene Graph";
			sourceTree = "<group>";
		};
		18FE1EF5258129E500A6B3DD /* Portals */ = {
			isa = PBXGroup;
			children = (
				18FE1EF6258129F700A6B3DD /* PortalUtilityViewController.swift */,
				18FE1EFA25812A0300A6B3DD /* PortalBuildUtilityViewController.swift */,
			);
			path = Portals;
			sourceTree = "<group>";
		};
		18FE1EFD25812A4D00A6B3DD /* Portals */ = {
			isa = PBXGroup;
			children = (
				18FE1EFE25812A5F00A6B3DD /* PortalUtilityCoordinator.swift */,
				18FE1F0225812A6A00A6B3DD /* PortalBuildUtilityCoordinator.swift */,
			);
			path = Portals;
			sourceTree = "<group>";
		};
/* End PBXGroup section */

/* Begin PBXNativeTarget section */
		18D3A16225515D3A00031CA7 /* Orchard */ = {
			isa = PBXNativeTarget;
			buildConfigurationList = 18D3A17525515D3C00031CA7 /* Build configuration list for PBXNativeTarget "Orchard" */;
			buildPhases = (
				18D3A15F25515D3A00031CA7 /* Sources */,
				18D3A16025515D3A00031CA7 /* Frameworks */,
				18D3A16125515D3A00031CA7 /* Resources */,
			);
			buildRules = (
			);
			dependencies = (
			);
			name = Orchard;
			packageProductDependencies = (
				1874BF49257F712A00976F82 /* Meadow */,
			);
			productName = Orchard;
			productReference = 18D3A16325515D3A00031CA7 /* Orchard.app */;
			productType = "com.apple.product-type.application";
		};
/* End PBXNativeTarget section */

/* Begin PBXProject section */
		18D3A15B25515D3A00031CA7 /* Project object */ = {
			isa = PBXProject;
			attributes = {
				LastSwiftUpdateCheck = 1210;
				LastUpgradeCheck = 1220;
				TargetAttributes = {
					18D3A16225515D3A00031CA7 = {
						CreatedOnToolsVersion = 12.1;
					};
				};
			};
			buildConfigurationList = 18D3A15E25515D3A00031CA7 /* Build configuration list for PBXProject "Orchard" */;
			compatibilityVersion = "Xcode 9.3";
			developmentRegion = en;
			hasScannedForEncodings = 0;
			knownRegions = (
				en,
				Base,
			);
			mainGroup = 18D3A15A25515D3A00031CA7;
			packageReferences = (
			);
			productRefGroup = 18D3A16425515D3A00031CA7 /* Products */;
			projectDirPath = "";
			projectRoot = "";
			targets = (
				18D3A16225515D3A00031CA7 /* Orchard */,
			);
		};
/* End PBXProject section */

/* Begin PBXResourcesBuildPhase section */
		18D3A16125515D3A00031CA7 /* Resources */ = {
			isa = PBXResourcesBuildPhase;
			buildActionMask = 2147483647;
			files = (
				18D3A16D25515D3C00031CA7 /* Assets.xcassets in Resources */,
				1807F82D255426B9008388DC /* Utility.storyboard in Resources */,
				1807F82A255426B0008388DC /* Inspector.storyboard in Resources */,
				18D3A17025515D3C00031CA7 /* Main.storyboard in Resources */,
			);
			runOnlyForDeploymentPostprocessing = 0;
		};
/* End PBXResourcesBuildPhase section */

/* Begin PBXSourcesBuildPhase section */
		18D3A15F25515D3A00031CA7 /* Sources */ = {
			isa = PBXSourcesBuildPhase;
			buildActionMask = 2147483647;
			files = (
				1807F863255446F4008388DC /* TerrainUtilityTabViewCoordinator.swift in Sources */,
				189B9CEB257A5D4600D00BC2 /* Inspector.swift in Sources */,
				18FB3842255178ED0036CA95 /* SceneViewController.swift in Sources */,
				1807F8382554289A008388DC /* SidebarCoordinator.swift in Sources */,
				18B6350B257F7E28009C7429 /* PropsUtilityViewController.swift in Sources */,
				18FB383F255178D30036CA95 /* SceneGraphViewController.swift in Sources */,
				185F87CC2556F71E008BFF30 /* CameraInspectorViewController.swift in Sources */,
				1807F86E255448D7008388DC /* TerrainBuildUtilityViewController.swift in Sources */,
				18B6350F257F7E35009C7429 /* PropsBuildUtilityViewController.swift in Sources */,
				1870D16F2555434C00B39F8C /* TerrainInspectorViewController.swift in Sources */,
				18B63520257F7EA7009C7429 /* AreaUtilityCoordinator.swift in Sources */,
				18FE1EFF25812A5F00A6B3DD /* PortalUtilityCoordinator.swift in Sources */,
				1851A16425557F9B0064539B /* TerrainPaintUtilityViewController.swift in Sources */,
				18B63530257F7ED0009C7429 /* PropsPaintUtilityCoordinator.swift in Sources */,
				18FE1EF3258129D100A6B3DD /* PortalUtilityTabViewController.swift in Sources */,
				18FB383B255177AC0036CA95 /* SplitViewCoordinator.swift in Sources */,
				189B9CE7257A599F00D00BC2 /* Inspectable.swift in Sources */,
				18331792257E1CD8001CC0A3 /* FoliageUtilityTabViewCoordinator.swift in Sources */,
				1807F85725542E50008388DC /* TerrainUtilityViewController.swift in Sources */,
				18B634FD257F7DA5009C7429 /* AreaInspectorViewController.swift in Sources */,
				1870D1722555437600B39F8C /* TerrainInspectorCoordinator.swift in Sources */,
				18331796257E1CE9001CC0A3 /* FoliageBuildUtilityCoordinator.swift in Sources */,
				18B63524257F7EB0009C7429 /* AreaBuildUtilityCoordinator.swift in Sources */,
				1851A16125557F850064539B /* TerrainPaintUtilityCoordinator.swift in Sources */,
				189903642581232300958809 /* PortalInspectorViewController.swift in Sources */,
				1833178C257E1CB5001CC0A3 /* FoliageUtilityViewController.swift in Sources */,
				1808EBDF2553F60E00484BEC /* NSResponder.swift in Sources */,
				1807F86625544717008388DC /* TerrainUtilityTabViewController.swift in Sources */,
				18331789257E1CAB001CC0A3 /* FoliagePaintUtilityViewController.swift in Sources */,
				18331781257E1C84001CC0A3 /* FoliageInspectorViewController.swift in Sources */,
				189903672581236500958809 /* PortalInspectorCoordinator.swift in Sources */,
				18B6351B257F7E5A009C7429 /* AreaPaintUtilityViewController.swift in Sources */,
				18B6352A257F7EC1009C7429 /* PropsUtilityCoordinator.swift in Sources */,
				18B63536257F7EE4009C7429 /* AreaUtilityTabViewCoordinator.swift in Sources */,
				1859140A2558105A003618DB /* NumberStepper.swift in Sources */,
				18B5492C2578E5660014A93F /* FootpathUtilityViewController.swift in Sources */,
				18B94DB32578E0DD004FDE14 /* FootpathInspectorViewController.swift in Sources */,
				18B549322578E5CF0014A93F /* FootpathPaintUtilityViewController.swift in Sources */,
				1807F83B25542955008388DC /* SidebarTabViewController.swift in Sources */,
				1807F84C255429C4008388DC /* UtilityTabViewCoordinator.swift in Sources */,
				18B5493A2578E66F0014A93F /* FootpathBuildUtilityCoordinator.swift in Sources */,
				18331785257E1CA0001CC0A3 /* FoliageBuildUtilityViewController.swift in Sources */,
				18B6353D257F7F01009C7429 /* AreaInspectorCoordinator.swift in Sources */,
				18B5492F2578E5C20014A93F /* FootpathBuildUtilityViewController.swift in Sources */,
				1870D178255543AB00B39F8C /* SceneInspectorCoordinator.swift in Sources */,
				1807F849255429B8008388DC /* InspectorTabViewCoordinator.swift in Sources */,
				1807F83E25542961008388DC /* InspectorTabViewController.swift in Sources */,
				18D3A1802551652000031CA7 /* WindowController.swift in Sources */,
				18D3A16725515D3A00031CA7 /* AppDelegate.swift in Sources */,
				1833179C257E1CFD001CC0A3 /* FoliageUtilityCoordinator.swift in Sources */,
				1807F85A25542E67008388DC /* TerrainUtilityCoordinator.swift in Sources */,
				18B63500257F7DB3009C7429 /* PropsInspectorViewController.swift in Sources */,
				18FB384F255179380036CA95 /* SceneGraphCoordinator.swift in Sources */,
				18B5493D2578E6770014A93F /* FootpathPaintUtilityCoordinator.swift in Sources */,
				18B63539257F7EF9009C7429 /* PropsInspectorCoordinator.swift in Sources */,
				18FE1EFB25812A0300A6B3DD /* PortalBuildUtilityViewController.swift in Sources */,
				18FB382F2551752B0036CA95 /* Coordinator.swift in Sources */,
				18FB382C25516F5A0036CA95 /* WindowCoordinator.swift in Sources */,
				18331799257E1CF5001CC0A3 /* FoliagePaintUtilityCoordinator.swift in Sources */,
				1833177E257E1C74001CC0A3 /* FoliageUtilityTabViewController.swift in Sources */,
				18B63515257F7E4A009C7429 /* AreaUtilityViewController.swift in Sources */,
				18B549432578E6DE0014A93F /* FootpathUtilityTabViewController.swift in Sources */,
				18B63503257F7DD5009C7429 /* AreaUtilityTabViewController.swift in Sources */,
				1833178F257E1CC5001CC0A3 /* FoliageInspectorCoordinator.swift in Sources */,
				18B94DB02578E0CA004FDE14 /* FootpathInspectorCoordinator.swift in Sources */,
				18D3A16B25515D3A00031CA7 /* Document.swift in Sources */,
				18FE1EF7258129F700A6B3DD /* PortalUtilityViewController.swift in Sources */,
				183317A0257E20CE001CC0A3 /* NSStoryboard.swift in Sources */,
				18B63512257F7E43009C7429 /* PropsPaintUtilityViewController.swift in Sources */,
				18FE1F0625812B3800A6B3DD /* PortalUtilityTabViewCoordinator.swift in Sources */,
				18B63518257F7E52009C7429 /* AreaBuildUtilityViewController.swift in Sources */,
				1807F86A255448B1008388DC /* TerrainBuildUtilityCoordinator.swift in Sources */,
				1807F845255429AA008388DC /* SidebarTabViewCoordinator.swift in Sources */,
				185F87D32556FA84008BFF30 /* CoordinateView.swift in Sources */,
				185F87CF2556F735008BFF30 /* CameraInspectorCoordinator.swift in Sources */,
				18B549362578E6630014A93F /* FootpathUtilityCoordinator.swift in Sources */,
				18FB38352551778A0036CA95 /* SplitViewController.swift in Sources */,
				18FB384B2551792E0036CA95 /* SceneCoordinator.swift in Sources */,
				1807F83325542878008388DC /* SidebarViewController.swift in Sources */,
				18B63527257F7EB8009C7429 /* AreaPaintUtilityCoordinator.swift in Sources */,
				18B6352D257F7EC9009C7429 /* PropsBuildUtilityCoordinator.swift in Sources */,
				1870D1752555439900B39F8C /* SceneInspectorViewController.swift in Sources */,
				18B63506257F7DDE009C7429 /* PropsUtilityTabViewController.swift in Sources */,
				18B63533257F7EDB009C7429 /* PropsUtilityTabViewCoordinator.swift in Sources */,
				18B549402578E6B40014A93F /* FootpathUtilityTabViewCoordinator.swift in Sources */,
				18FE1F0325812A6A00A6B3DD /* PortalBuildUtilityCoordinator.swift in Sources */,
				1807F84125542971008388DC /* UtilityTabViewController.swift in Sources */,
			);
			runOnlyForDeploymentPostprocessing = 0;
		};
/* End PBXSourcesBuildPhase section */

/* Begin PBXVariantGroup section */
		18D3A16E25515D3C00031CA7 /* Main.storyboard */ = {
			isa = PBXVariantGroup;
			children = (
				18D3A16F25515D3C00031CA7 /* Base */,
			);
			name = Main.storyboard;
			sourceTree = "<group>";
		};
/* End PBXVariantGroup section */

/* Begin XCBuildConfiguration section */
		18D3A17325515D3C00031CA7 /* Debug */ = {
			isa = XCBuildConfiguration;
			buildSettings = {
				ALWAYS_SEARCH_USER_PATHS = NO;
				CLANG_ANALYZER_NONNULL = YES;
				CLANG_ANALYZER_NUMBER_OBJECT_CONVERSION = YES_AGGRESSIVE;
				CLANG_CXX_LANGUAGE_STANDARD = "gnu++14";
				CLANG_CXX_LIBRARY = "libc++";
				CLANG_ENABLE_MODULES = YES;
				CLANG_ENABLE_OBJC_ARC = YES;
				CLANG_ENABLE_OBJC_WEAK = YES;
				CLANG_WARN_BLOCK_CAPTURE_AUTORELEASING = YES;
				CLANG_WARN_BOOL_CONVERSION = YES;
				CLANG_WARN_COMMA = YES;
				CLANG_WARN_CONSTANT_CONVERSION = YES;
				CLANG_WARN_DEPRECATED_OBJC_IMPLEMENTATIONS = YES;
				CLANG_WARN_DIRECT_OBJC_ISA_USAGE = YES_ERROR;
				CLANG_WARN_DOCUMENTATION_COMMENTS = YES;
				CLANG_WARN_EMPTY_BODY = YES;
				CLANG_WARN_ENUM_CONVERSION = YES;
				CLANG_WARN_INFINITE_RECURSION = YES;
				CLANG_WARN_INT_CONVERSION = YES;
				CLANG_WARN_NON_LITERAL_NULL_CONVERSION = YES;
				CLANG_WARN_OBJC_IMPLICIT_RETAIN_SELF = YES;
				CLANG_WARN_OBJC_LITERAL_CONVERSION = YES;
				CLANG_WARN_OBJC_ROOT_CLASS = YES_ERROR;
				CLANG_WARN_QUOTED_INCLUDE_IN_FRAMEWORK_HEADER = YES;
				CLANG_WARN_RANGE_LOOP_ANALYSIS = YES;
				CLANG_WARN_STRICT_PROTOTYPES = YES;
				CLANG_WARN_SUSPICIOUS_MOVE = YES;
				CLANG_WARN_UNGUARDED_AVAILABILITY = YES_AGGRESSIVE;
				CLANG_WARN_UNREACHABLE_CODE = YES;
				CLANG_WARN__DUPLICATE_METHOD_MATCH = YES;
				COPY_PHASE_STRIP = NO;
				DEBUG_INFORMATION_FORMAT = dwarf;
				ENABLE_STRICT_OBJC_MSGSEND = YES;
				ENABLE_TESTABILITY = YES;
				GCC_C_LANGUAGE_STANDARD = gnu11;
				GCC_DYNAMIC_NO_PIC = NO;
				GCC_NO_COMMON_BLOCKS = YES;
				GCC_OPTIMIZATION_LEVEL = 0;
				GCC_PREPROCESSOR_DEFINITIONS = (
					"DEBUG=1",
					"$(inherited)",
				);
				GCC_WARN_64_TO_32_BIT_CONVERSION = YES;
				GCC_WARN_ABOUT_RETURN_TYPE = YES_ERROR;
				GCC_WARN_UNDECLARED_SELECTOR = YES;
				GCC_WARN_UNINITIALIZED_AUTOS = YES_AGGRESSIVE;
				GCC_WARN_UNUSED_FUNCTION = YES;
				GCC_WARN_UNUSED_VARIABLE = YES;
				MACOSX_DEPLOYMENT_TARGET = 10.15;
				MTL_ENABLE_DEBUG_INFO = INCLUDE_SOURCE;
				MTL_FAST_MATH = YES;
				ONLY_ACTIVE_ARCH = YES;
				SDKROOT = macosx;
				SWIFT_ACTIVE_COMPILATION_CONDITIONS = DEBUG;
				SWIFT_OPTIMIZATION_LEVEL = "-Onone";
			};
			name = Debug;
		};
		18D3A17425515D3C00031CA7 /* Release */ = {
			isa = XCBuildConfiguration;
			buildSettings = {
				ALWAYS_SEARCH_USER_PATHS = NO;
				CLANG_ANALYZER_NONNULL = YES;
				CLANG_ANALYZER_NUMBER_OBJECT_CONVERSION = YES_AGGRESSIVE;
				CLANG_CXX_LANGUAGE_STANDARD = "gnu++14";
				CLANG_CXX_LIBRARY = "libc++";
				CLANG_ENABLE_MODULES = YES;
				CLANG_ENABLE_OBJC_ARC = YES;
				CLANG_ENABLE_OBJC_WEAK = YES;
				CLANG_WARN_BLOCK_CAPTURE_AUTORELEASING = YES;
				CLANG_WARN_BOOL_CONVERSION = YES;
				CLANG_WARN_COMMA = YES;
				CLANG_WARN_CONSTANT_CONVERSION = YES;
				CLANG_WARN_DEPRECATED_OBJC_IMPLEMENTATIONS = YES;
				CLANG_WARN_DIRECT_OBJC_ISA_USAGE = YES_ERROR;
				CLANG_WARN_DOCUMENTATION_COMMENTS = YES;
				CLANG_WARN_EMPTY_BODY = YES;
				CLANG_WARN_ENUM_CONVERSION = YES;
				CLANG_WARN_INFINITE_RECURSION = YES;
				CLANG_WARN_INT_CONVERSION = YES;
				CLANG_WARN_NON_LITERAL_NULL_CONVERSION = YES;
				CLANG_WARN_OBJC_IMPLICIT_RETAIN_SELF = YES;
				CLANG_WARN_OBJC_LITERAL_CONVERSION = YES;
				CLANG_WARN_OBJC_ROOT_CLASS = YES_ERROR;
				CLANG_WARN_QUOTED_INCLUDE_IN_FRAMEWORK_HEADER = YES;
				CLANG_WARN_RANGE_LOOP_ANALYSIS = YES;
				CLANG_WARN_STRICT_PROTOTYPES = YES;
				CLANG_WARN_SUSPICIOUS_MOVE = YES;
				CLANG_WARN_UNGUARDED_AVAILABILITY = YES_AGGRESSIVE;
				CLANG_WARN_UNREACHABLE_CODE = YES;
				CLANG_WARN__DUPLICATE_METHOD_MATCH = YES;
				COPY_PHASE_STRIP = NO;
				DEBUG_INFORMATION_FORMAT = "dwarf-with-dsym";
				ENABLE_NS_ASSERTIONS = NO;
				ENABLE_STRICT_OBJC_MSGSEND = YES;
				GCC_C_LANGUAGE_STANDARD = gnu11;
				GCC_NO_COMMON_BLOCKS = YES;
				GCC_WARN_64_TO_32_BIT_CONVERSION = YES;
				GCC_WARN_ABOUT_RETURN_TYPE = YES_ERROR;
				GCC_WARN_UNDECLARED_SELECTOR = YES;
				GCC_WARN_UNINITIALIZED_AUTOS = YES_AGGRESSIVE;
				GCC_WARN_UNUSED_FUNCTION = YES;
				GCC_WARN_UNUSED_VARIABLE = YES;
				MACOSX_DEPLOYMENT_TARGET = 10.15;
				MTL_ENABLE_DEBUG_INFO = NO;
				MTL_FAST_MATH = YES;
				SDKROOT = macosx;
				SWIFT_COMPILATION_MODE = wholemodule;
				SWIFT_OPTIMIZATION_LEVEL = "-O";
			};
			name = Release;
		};
		18D3A17625515D3C00031CA7 /* Debug */ = {
			isa = XCBuildConfiguration;
			buildSettings = {
				ASSETCATALOG_COMPILER_APPICON_NAME = AppIcon;
				ASSETCATALOG_COMPILER_GLOBAL_ACCENT_COLOR_NAME = AccentColor;
				CODE_SIGN_ENTITLEMENTS = "Orchard/Supporting Files/Orchard.entitlements";
				CODE_SIGN_IDENTITY = "-";
				CODE_SIGN_STYLE = Manual;
				COMBINE_HIDPI_IMAGES = YES;
				DEVELOPMENT_TEAM = "";
				ENABLE_HARDENED_RUNTIME = YES;
				INFOPLIST_FILE = "Orchard/Supporting Files/Info.plist";
				LD_RUNPATH_SEARCH_PATHS = (
					"$(inherited)",
					"@executable_path/../Frameworks",
				);
				MARKETING_VERSION = 0.1;
				PRODUCT_BUNDLE_IDENTIFIER = "com.script-orchard.Orchard";
				PRODUCT_NAME = "$(TARGET_NAME)";
				PROVISIONING_PROFILE_SPECIFIER = "";
				SWIFT_VERSION = 5.0;
			};
			name = Debug;
		};
		18D3A17725515D3C00031CA7 /* Release */ = {
			isa = XCBuildConfiguration;
			buildSettings = {
				ASSETCATALOG_COMPILER_APPICON_NAME = AppIcon;
				ASSETCATALOG_COMPILER_GLOBAL_ACCENT_COLOR_NAME = AccentColor;
				CODE_SIGN_ENTITLEMENTS = "Orchard/Supporting Files/Orchard.entitlements";
				CODE_SIGN_IDENTITY = "-";
				CODE_SIGN_STYLE = Manual;
				COMBINE_HIDPI_IMAGES = YES;
				DEVELOPMENT_TEAM = "";
				ENABLE_HARDENED_RUNTIME = YES;
				INFOPLIST_FILE = "Orchard/Supporting Files/Info.plist";
				LD_RUNPATH_SEARCH_PATHS = (
					"$(inherited)",
					"@executable_path/../Frameworks",
				);
				MARKETING_VERSION = 0.1;
				PRODUCT_BUNDLE_IDENTIFIER = "com.script-orchard.Orchard";
				PRODUCT_NAME = "$(TARGET_NAME)";
				PROVISIONING_PROFILE_SPECIFIER = "";
				SWIFT_VERSION = 5.0;
			};
			name = Release;
		};
/* End XCBuildConfiguration section */

/* Begin XCConfigurationList section */
		18D3A15E25515D3A00031CA7 /* Build configuration list for PBXProject "Orchard" */ = {
			isa = XCConfigurationList;
			buildConfigurations = (
				18D3A17325515D3C00031CA7 /* Debug */,
				18D3A17425515D3C00031CA7 /* Release */,
			);
			defaultConfigurationIsVisible = 0;
			defaultConfigurationName = Release;
		};
		18D3A17525515D3C00031CA7 /* Build configuration list for PBXNativeTarget "Orchard" */ = {
			isa = XCConfigurationList;
			buildConfigurations = (
				18D3A17625515D3C00031CA7 /* Debug */,
				18D3A17725515D3C00031CA7 /* Release */,
			);
			defaultConfigurationIsVisible = 0;
			defaultConfigurationName = Release;
		};
/* End XCConfigurationList section */

/* Begin XCSwiftPackageProductDependency section */
		1874BF49257F712A00976F82 /* Meadow */ = {
			isa = XCSwiftPackageProductDependency;
			productName = Meadow;
		};
/* End XCSwiftPackageProductDependency section */
	};
	rootObject = 18D3A15B25515D3A00031CA7 /* Project object */;
}
